<?xml version="1.0" encoding="UTF-8"?>
<!DOCTYPE plist PUBLIC "-//Apple//DTD PLIST 1.0//EN" "http://www.apple.com/DTDs/PropertyList-1.0.dtd">
<plist version="1.0">
<dict>
	<key>archiveVersion</key>
	<string>1</string>
	<key>classes</key>
	<dict/>
	<key>objectVersion</key>
	<string>46</string>
	<key>objects</key>
	<dict>
		<key>500C04AB1E71D0A00096B987</key>
		<dict>
			<key>children</key>
			<array>
				<string>500C04B61E71D0A10096B987</string>
				<string>500C04CD1E71D3280096B987</string>
				<string>500C04B51E71D0A10096B987</string>
			</array>
			<key>isa</key>
			<string>PBXGroup</string>
			<key>sourceTree</key>
			<string>&lt;group&gt;</string>
		</dict>
		<key>500C04AC1E71D0A00096B987</key>
		<dict>
			<key>attributes</key>
			<dict>
				<key>LastSwiftUpdateCheck</key>
				<string>0830</string>
				<key>LastUpgradeCheck</key>
				<string>0830</string>
				<key>ORGANIZATIONNAME</key>
				<string>Deborah</string>
				<key>TargetAttributes</key>
				<dict>
					<key>500C04B31E71D0A10096B987</key>
					<dict>
						<key>CreatedOnToolsVersion</key>
						<string>8.3</string>
						<key>DevelopmentTeam</key>
						<string>4J6N8TR2LN</string>
						<key>ProvisioningStyle</key>
						<string>Automatic</string>
					</dict>
				</dict>
			</dict>
			<key>buildConfigurationList</key>
			<string>500C04AF1E71D0A00096B987</string>
			<key>compatibilityVersion</key>
			<string>Xcode 3.2</string>
			<key>developmentRegion</key>
			<string>English</string>
			<key>hasScannedForEncodings</key>
			<string>0</string>
			<key>isa</key>
			<string>PBXProject</string>
			<key>knownRegions</key>
			<array>
				<string>en</string>
				<string>Base</string>
			</array>
			<key>mainGroup</key>
			<string>500C04AB1E71D0A00096B987</string>
			<key>productRefGroup</key>
			<string>500C04B51E71D0A10096B987</string>
			<key>projectDirPath</key>
			<string></string>
			<key>projectReferences</key>
			<array/>
			<key>projectRoot</key>
			<string></string>
			<key>targets</key>
			<array>
				<string>500C04B31E71D0A10096B987</string>
			</array>
		</dict>
		<key>500C04AF1E71D0A00096B987</key>
		<dict>
			<key>buildConfigurations</key>
			<array>
				<string>500C04C61E71D0A30096B987</string>
				<string>500C04C71E71D0A30096B987</string>
			</array>
			<key>defaultConfigurationIsVisible</key>
			<string>0</string>
			<key>defaultConfigurationName</key>
			<string>Release</string>
			<key>isa</key>
			<string>XCConfigurationList</string>
		</dict>
		<key>500C04B01E71D0A10096B987</key>
		<dict>
			<key>buildActionMask</key>
			<string>2147483647</string>
			<key>files</key>
			<array>
				<string>500C04D11E71D4400096B987</string>
				<string>50B4CB561E77743100330A84</string>
				<string>50B4CB321E7723E300330A84</string>
				<string>500C04FB1E73321B0096B987</string>
				<string>50B4CB7D1E7A0FAF00330A84</string>
				<string>50B4CB301E7345A300330A84</string>
				<string>500C04F11E725C880096B987</string>
				<string>500C04F31E725D9B0096B987</string>
				<string>500C04F71E7274970096B987</string>
				<string>500C04B81E71D0A10096B987</string>
				<string>500C04F91E727A370096B987</string>
			</array>
			<key>isa</key>
			<string>PBXSourcesBuildPhase</string>
			<key>runOnlyForDeploymentPostprocessing</key>
			<string>0</string>
		</dict>
		<key>500C04B11E71D0A10096B987</key>
		<dict>
			<key>buildActionMask</key>
			<string>2147483647</string>
			<key>files</key>
			<array/>
			<key>isa</key>
			<string>PBXFrameworksBuildPhase</string>
			<key>runOnlyForDeploymentPostprocessing</key>
			<string>0</string>
		</dict>
		<key>500C04B21E71D0A10096B987</key>
		<dict>
			<key>buildActionMask</key>
			<string>2147483647</string>
			<key>files</key>
			<array>
				<string>500C04C41E71D0A30096B987</string>
				<string>500C04D91E71ECE50096B987</string>
				<string>500C04DB1E71ED0E0096B987</string>
				<string>50B4CB521E77592300330A84</string>
				<string>500C04EF1E7229930096B987</string>
				<string>500C04D51E71E0A20096B987</string>
				<string>500C04D31E71E03B0096B987</string>
				<string>500C04C11E71D0A30096B987</string>
				<string>500C04E31E71F5340096B987</string>
				<string>500C04D71E71E0B70096B987</string>
				<string>500C04BF1E71D0A30096B987</string>
				<string>500C04DD1E71ED2F0096B987</string>
				<string>500C04ED1E7213F90096B987</string>
				<string>50B4CB581E784BF900330A84</string>
			</array>
			<key>isa</key>
			<string>PBXResourcesBuildPhase</string>
			<key>runOnlyForDeploymentPostprocessing</key>
			<string>0</string>
		</dict>
		<key>500C04B31E71D0A10096B987</key>
		<dict>
			<key>buildConfigurationList</key>
			<string>500C04C81E71D0A30096B987</string>
			<key>buildPhases</key>
			<array>
				<string>500C04B01E71D0A10096B987</string>
				<string>500C04B11E71D0A10096B987</string>
				<string>500C04B21E71D0A10096B987</string>
			</array>
			<key>buildRules</key>
			<array/>
			<key>dependencies</key>
			<array/>
			<key>isa</key>
			<string>PBXNativeTarget</string>
			<key>name</key>
			<string>Spaide</string>
			<key>productName</key>
			<string>Spaide</string>
			<key>productReference</key>
			<string>500C04B41E71D0A10096B987</string>
			<key>productType</key>
			<string>com.apple.product-type.application</string>
		</dict>
		<key>500C04B41E71D0A10096B987</key>
		<dict>
			<key>explicitFileType</key>
			<string>wrapper.application</string>
			<key>includeInIndex</key>
			<string>0</string>
			<key>isa</key>
			<string>PBXFileReference</string>
			<key>path</key>
			<string>Spaide.app</string>
			<key>sourceTree</key>
			<string>BUILT_PRODUCTS_DIR</string>
		</dict>
		<key>500C04B51E71D0A10096B987</key>
		<dict>
			<key>children</key>
			<array>
				<string>500C04B41E71D0A10096B987</string>
			</array>
			<key>isa</key>
			<string>PBXGroup</string>
			<key>name</key>
			<string>Products</string>
			<key>sourceTree</key>
			<string>&lt;group&gt;</string>
		</dict>
		<key>500C04B61E71D0A10096B987</key>
		<dict>
			<key>children</key>
			<array>
				<string>500C04B71E71D0A10096B987</string>
				<string>500C04EE1E7229930096B987</string>
				<string>50B4CB7B1E7A02F200330A84</string>
				<string>500C04CE1E71D32F0096B987</string>
			</array>
			<key>isa</key>
			<string>PBXGroup</string>
			<key>path</key>
			<string>Spaide</string>
			<key>sourceTree</key>
			<string>&lt;group&gt;</string>
		</dict>
		<key>500C04B71E71D0A10096B987</key>
		<dict>
			<key>isa</key>
			<string>PBXFileReference</string>
			<key>lastKnownFileType</key>
			<string>sourcecode.swift</string>
			<key>path</key>
			<string>AppDelegate.swift</string>
			<key>sourceTree</key>
			<string>&lt;group&gt;</string>
		</dict>
		<key>500C04B81E71D0A10096B987</key>
		<dict>
			<key>fileRef</key>
			<string>500C04B71E71D0A10096B987</string>
			<key>isa</key>
			<string>PBXBuildFile</string>
		</dict>
		<key>500C04BD1E71D0A30096B987</key>
		<dict>
			<key>children</key>
			<array>
				<string>500C04BE1E71D0A30096B987</string>
			</array>
			<key>isa</key>
			<string>PBXVariantGroup</string>
			<key>name</key>
			<string>Main.storyboard</string>
			<key>sourceTree</key>
			<string>&lt;group&gt;</string>
		</dict>
		<key>500C04BE1E71D0A30096B987</key>
		<dict>
			<key>isa</key>
			<string>PBXFileReference</string>
			<key>lastKnownFileType</key>
			<string>file.storyboard</string>
			<key>name</key>
			<string>Base</string>
			<key>path</key>
			<string>Base.lproj/Main.storyboard</string>
			<key>sourceTree</key>
			<string>&lt;group&gt;</string>
		</dict>
		<key>500C04BF1E71D0A30096B987</key>
		<dict>
			<key>fileRef</key>
			<string>500C04BD1E71D0A30096B987</string>
			<key>isa</key>
			<string>PBXBuildFile</string>
		</dict>
		<key>500C04C01E71D0A30096B987</key>
		<dict>
			<key>isa</key>
			<string>PBXFileReference</string>
			<key>lastKnownFileType</key>
			<string>folder.assetcatalog</string>
			<key>path</key>
			<string>Assets.xcassets</string>
			<key>sourceTree</key>
			<string>&lt;group&gt;</string>
		</dict>
		<key>500C04C11E71D0A30096B987</key>
		<dict>
			<key>fileRef</key>
			<string>500C04C01E71D0A30096B987</string>
			<key>isa</key>
			<string>PBXBuildFile</string>
		</dict>
		<key>500C04C21E71D0A30096B987</key>
		<dict>
			<key>children</key>
			<array>
				<string>500C04C31E71D0A30096B987</string>
			</array>
			<key>isa</key>
			<string>PBXVariantGroup</string>
			<key>name</key>
			<string>LaunchScreen.storyboard</string>
			<key>sourceTree</key>
			<string>&lt;group&gt;</string>
		</dict>
		<key>500C04C31E71D0A30096B987</key>
		<dict>
			<key>isa</key>
			<string>PBXFileReference</string>
			<key>lastKnownFileType</key>
			<string>file.storyboard</string>
			<key>name</key>
			<string>Base</string>
			<key>path</key>
			<string>Base.lproj/LaunchScreen.storyboard</string>
			<key>sourceTree</key>
			<string>&lt;group&gt;</string>
		</dict>
		<key>500C04C41E71D0A30096B987</key>
		<dict>
			<key>fileRef</key>
			<string>500C04C21E71D0A30096B987</string>
			<key>isa</key>
			<string>PBXBuildFile</string>
		</dict>
		<key>500C04C51E71D0A30096B987</key>
		<dict>
			<key>isa</key>
			<string>PBXFileReference</string>
			<key>lastKnownFileType</key>
			<string>text.plist.xml</string>
			<key>path</key>
			<string>Info.plist</string>
			<key>sourceTree</key>
			<string>&lt;group&gt;</string>
		</dict>
		<key>500C04C61E71D0A30096B987</key>
		<dict>
			<key>buildSettings</key>
			<dict>
				<key>ALWAYS_SEARCH_USER_PATHS</key>
				<string>YES</string>
				<key>CLANG_ANALYZER_NONNULL</key>
				<string>YES</string>
				<key>CLANG_ANALYZER_NUMBER_OBJECT_CONVERSION</key>
				<string>YES_AGGRESSIVE</string>
				<key>CLANG_CXX_LANGUAGE_STANDARD</key>
				<string>gnu++0x</string>
				<key>CLANG_CXX_LIBRARY</key>
				<string>libc++</string>
				<key>CLANG_ENABLE_MODULES</key>
				<string>YES</string>
				<key>CLANG_ENABLE_OBJC_ARC</key>
				<string>YES</string>
				<key>CLANG_WARN_BOOL_CONVERSION</key>
				<string>YES</string>
				<key>CLANG_WARN_CONSTANT_CONVERSION</key>
				<string>YES</string>
				<key>CLANG_WARN_DIRECT_OBJC_ISA_USAGE</key>
				<string>YES_ERROR</string>
				<key>CLANG_WARN_DOCUMENTATION_COMMENTS</key>
				<string>YES</string>
				<key>CLANG_WARN_EMPTY_BODY</key>
				<string>YES</string>
				<key>CLANG_WARN_ENUM_CONVERSION</key>
				<string>YES</string>
				<key>CLANG_WARN_INFINITE_RECURSION</key>
				<string>YES</string>
				<key>CLANG_WARN_INT_CONVERSION</key>
				<string>YES</string>
				<key>CLANG_WARN_OBJC_ROOT_CLASS</key>
				<string>YES_ERROR</string>
				<key>CLANG_WARN_SUSPICIOUS_MOVE</key>
				<string>YES</string>
				<key>CLANG_WARN_UNREACHABLE_CODE</key>
				<string>YES</string>
				<key>CLANG_WARN__DUPLICATE_METHOD_MATCH</key>
				<string>YES</string>
				<key>CODE_SIGN_IDENTITY[sdk=iphoneos*]</key>
				<string>iPhone Developer</string>
				<key>COPY_PHASE_STRIP</key>
				<string>NO</string>
				<key>DEBUG_INFORMATION_FORMAT</key>
				<string>dwarf</string>
				<key>ENABLE_STRICT_OBJC_MSGSEND</key>
				<string>YES</string>
				<key>ENABLE_TESTABILITY</key>
				<string>YES</string>
				<key>FRAMEWORK_SEARCH_PATHS</key>
				<string>$(SRCROOT)/**</string>
				<key>GCC_C_LANGUAGE_STANDARD</key>
				<string>gnu99</string>
				<key>GCC_DYNAMIC_NO_PIC</key>
				<string>NO</string>
				<key>GCC_NO_COMMON_BLOCKS</key>
				<string>YES</string>
				<key>GCC_OPTIMIZATION_LEVEL</key>
				<string>0</string>
				<key>GCC_PREPROCESSOR_DEFINITIONS</key>
				<array>
					<string>DEBUG=1</string>
					<string>$(inherited)</string>
				</array>
				<key>GCC_WARN_64_TO_32_BIT_CONVERSION</key>
				<string>YES</string>
				<key>GCC_WARN_ABOUT_RETURN_TYPE</key>
				<string>YES_ERROR</string>
				<key>GCC_WARN_UNDECLARED_SELECTOR</key>
				<string>YES</string>
				<key>GCC_WARN_UNINITIALIZED_AUTOS</key>
				<string>YES_AGGRESSIVE</string>
				<key>GCC_WARN_UNUSED_FUNCTION</key>
				<string>YES</string>
				<key>GCC_WARN_UNUSED_VARIABLE</key>
				<string>YES</string>
				<key>IPHONEOS_DEPLOYMENT_TARGET</key>
				<string>10.3</string>
				<key>MTL_ENABLE_DEBUG_INFO</key>
				<string>YES</string>
				<key>ONLY_ACTIVE_ARCH</key>
				<string>YES</string>
				<key>SDKROOT</key>
				<string>iphoneos</string>
				<key>SWIFT_ACTIVE_COMPILATION_CONDITIONS</key>
				<string>DEBUG</string>
				<key>SWIFT_OPTIMIZATION_LEVEL</key>
				<string>-Onone</string>
			</dict>
			<key>isa</key>
			<string>XCBuildConfiguration</string>
			<key>name</key>
			<string>Debug</string>
		</dict>
		<key>500C04C71E71D0A30096B987</key>
		<dict>
			<key>buildSettings</key>
			<dict>
				<key>ALWAYS_SEARCH_USER_PATHS</key>
				<string>YES</string>
				<key>CLANG_ANALYZER_NONNULL</key>
				<string>YES</string>
				<key>CLANG_ANALYZER_NUMBER_OBJECT_CONVERSION</key>
				<string>YES_AGGRESSIVE</string>
				<key>CLANG_CXX_LANGUAGE_STANDARD</key>
				<string>gnu++0x</string>
				<key>CLANG_CXX_LIBRARY</key>
				<string>libc++</string>
				<key>CLANG_ENABLE_MODULES</key>
				<string>YES</string>
				<key>CLANG_ENABLE_OBJC_ARC</key>
				<string>YES</string>
				<key>CLANG_WARN_BOOL_CONVERSION</key>
				<string>YES</string>
				<key>CLANG_WARN_CONSTANT_CONVERSION</key>
				<string>YES</string>
				<key>CLANG_WARN_DIRECT_OBJC_ISA_USAGE</key>
				<string>YES_ERROR</string>
				<key>CLANG_WARN_DOCUMENTATION_COMMENTS</key>
				<string>YES</string>
				<key>CLANG_WARN_EMPTY_BODY</key>
				<string>YES</string>
				<key>CLANG_WARN_ENUM_CONVERSION</key>
				<string>YES</string>
				<key>CLANG_WARN_INFINITE_RECURSION</key>
				<string>YES</string>
				<key>CLANG_WARN_INT_CONVERSION</key>
				<string>YES</string>
				<key>CLANG_WARN_OBJC_ROOT_CLASS</key>
				<string>YES_ERROR</string>
				<key>CLANG_WARN_SUSPICIOUS_MOVE</key>
				<string>YES</string>
				<key>CLANG_WARN_UNREACHABLE_CODE</key>
				<string>YES</string>
				<key>CLANG_WARN__DUPLICATE_METHOD_MATCH</key>
				<string>YES</string>
				<key>CODE_SIGN_IDENTITY[sdk=iphoneos*]</key>
				<string>iPhone Developer</string>
				<key>COPY_PHASE_STRIP</key>
				<string>NO</string>
				<key>DEBUG_INFORMATION_FORMAT</key>
				<string>dwarf-with-dsym</string>
				<key>ENABLE_NS_ASSERTIONS</key>
				<string>NO</string>
				<key>ENABLE_STRICT_OBJC_MSGSEND</key>
				<string>YES</string>
				<key>FRAMEWORK_SEARCH_PATHS</key>
				<string>$(SRCROOT)/**</string>
				<key>GCC_C_LANGUAGE_STANDARD</key>
				<string>gnu99</string>
				<key>GCC_NO_COMMON_BLOCKS</key>
				<string>YES</string>
				<key>GCC_WARN_64_TO_32_BIT_CONVERSION</key>
				<string>YES</string>
				<key>GCC_WARN_ABOUT_RETURN_TYPE</key>
				<string>YES_ERROR</string>
				<key>GCC_WARN_UNDECLARED_SELECTOR</key>
				<string>YES</string>
				<key>GCC_WARN_UNINITIALIZED_AUTOS</key>
				<string>YES_AGGRESSIVE</string>
				<key>GCC_WARN_UNUSED_FUNCTION</key>
				<string>YES</string>
				<key>GCC_WARN_UNUSED_VARIABLE</key>
				<string>YES</string>
				<key>IPHONEOS_DEPLOYMENT_TARGET</key>
				<string>10.3</string>
				<key>MTL_ENABLE_DEBUG_INFO</key>
				<string>NO</string>
				<key>SDKROOT</key>
				<string>iphoneos</string>
				<key>SWIFT_OPTIMIZATION_LEVEL</key>
				<string>-Owholemodule</string>
				<key>VALIDATE_PRODUCT</key>
				<string>YES</string>
			</dict>
			<key>isa</key>
			<string>XCBuildConfiguration</string>
			<key>name</key>
			<string>Release</string>
		</dict>
		<key>500C04C81E71D0A30096B987</key>
		<dict>
			<key>buildConfigurations</key>
			<array>
				<string>500C04C91E71D0A30096B987</string>
				<string>500C04CA1E71D0A30096B987</string>
			</array>
			<key>defaultConfigurationIsVisible</key>
			<string>0</string>
			<key>defaultConfigurationName</key>
			<string>Release</string>
			<key>isa</key>
			<string>XCConfigurationList</string>
		</dict>
		<key>500C04C91E71D0A30096B987</key>
		<dict>
			<key>buildSettings</key>
			<dict>
				<key>ALWAYS_SEARCH_USER_PATHS</key>
				<string>NO</string>
				<key>ASSETCATALOG_COMPILER_APPICON_NAME</key>
				<string>AppIcon</string>
				<key>DEVELOPMENT_TEAM</key>
				<string>4J6N8TR2LN</string>
				<key>FRAMEWORK_SEARCH_PATHS</key>
				<array>
					<string>$(inherited)</string>
					<string>"$PODS_CONFIGURATION_BUILD_DIR/JSQMessagesViewController"</string>
					<string>"$PODS_CONFIGURATION_BUILD_DIR/JSQSystemSoundPlayer"</string>
					<string>"${PODS_ROOT}/FirebaseAnalytics/Frameworks/frameworks"</string>
					<string>"${PODS_ROOT}/FirebaseAppIndexing/Frameworks/frameworks"</string>
					<string>"${PODS_ROOT}/FirebaseAuth/Frameworks/frameworks"</string>
					<string>"${PODS_ROOT}/FirebaseCore/Frameworks/frameworks"</string>
					<string>"${PODS_ROOT}/FirebaseCrash/Frameworks/frameworks"</string>
					<string>"${PODS_ROOT}/FirebaseDatabase/Frameworks"</string>
					<string>"${PODS_ROOT}/FirebaseDynamicLinks/Frameworks/frameworks"</string>
					<string>"${PODS_ROOT}/FirebaseInstanceID/Frameworks/frameworks"</string>
					<string>"${PODS_ROOT}/FirebaseInvites/Frameworks/frameworks"</string>
					<string>"${PODS_ROOT}/FirebaseMessaging/Frameworks/frameworks"</string>
					<string>"${PODS_ROOT}/FirebaseRemoteConfig/Frameworks/frameworks"</string>
					<string>"${PODS_ROOT}/FirebaseStorage/Frameworks/frameworks"</string>
					<string>"${PODS_ROOT}/Google-Mobile-Ads-SDK/Frameworks"</string>
					<string>"${PODS_ROOT}/GoogleAppUtilities/Frameworks/frameworks"</string>
					<string>"${PODS_ROOT}/GoogleAuthUtilities/Frameworks/frameworks"</string>
					<string>"${PODS_ROOT}/GoogleIPhoneUtilities/Frameworks"</string>
					<string>"${PODS_ROOT}/GoogleInterchangeUtilities/Frameworks/frameworks"</string>
					<string>"${PODS_ROOT}/GoogleNetworkingUtilities/Frameworks/frameworks"</string>
					<string>"${PODS_ROOT}/GoogleParsingUtilities/Frameworks/frameworks"</string>
					<string>"${PODS_ROOT}/GooglePlusUtilities/Frameworks/frameworks"</string>
					<string>"${PODS_ROOT}/GoogleSignIn/Frameworks"</string>
					<string>"${PODS_ROOT}/GoogleSymbolUtilities/Frameworks/frameworks"</string>
					<string>"${PODS_ROOT}/GoogleUtilities/Frameworks/frameworks"</string>
				</array>
				<key>INFOPLIST_FILE</key>
				<string>Spaide/Info.plist</string>
				<key>IPHONEOS_DEPLOYMENT_TARGET</key>
				<string>10.2</string>
				<key>LD_RUNPATH_SEARCH_PATHS</key>
				<string>$(inherited) @executable_path/Frameworks</string>
				<key>PRODUCT_BUNDLE_IDENTIFIER</key>
				<string>com.Deborah.Spaide</string>
				<key>PRODUCT_NAME</key>
				<string>$(TARGET_NAME)</string>
				<key>SWIFT_VERSION</key>
				<string>3.0</string>
			</dict>
			<key>isa</key>
			<string>XCBuildConfiguration</string>
			<key>name</key>
			<string>Debug</string>
		</dict>
		<key>500C04CA1E71D0A30096B987</key>
		<dict>
			<key>buildSettings</key>
			<dict>
				<key>ALWAYS_SEARCH_USER_PATHS</key>
				<string>NO</string>
				<key>ASSETCATALOG_COMPILER_APPICON_NAME</key>
				<string>AppIcon</string>
				<key>DEVELOPMENT_TEAM</key>
				<string>4J6N8TR2LN</string>
				<key>FRAMEWORK_SEARCH_PATHS</key>
				<array>
					<string>$(inherited)</string>
					<string>"$PODS_CONFIGURATION_BUILD_DIR/JSQMessagesViewController"</string>
					<string>"$PODS_CONFIGURATION_BUILD_DIR/JSQSystemSoundPlayer"</string>
					<string>"${PODS_ROOT}/FirebaseAnalytics/Frameworks/frameworks"</string>
					<string>"${PODS_ROOT}/FirebaseAppIndexing/Frameworks/frameworks"</string>
					<string>"${PODS_ROOT}/FirebaseAuth/Frameworks/frameworks"</string>
					<string>"${PODS_ROOT}/FirebaseCore/Frameworks/frameworks"</string>
					<string>"${PODS_ROOT}/FirebaseCrash/Frameworks/frameworks"</string>
					<string>"${PODS_ROOT}/FirebaseDatabase/Frameworks"</string>
					<string>"${PODS_ROOT}/FirebaseDynamicLinks/Frameworks/frameworks"</string>
					<string>"${PODS_ROOT}/FirebaseInstanceID/Frameworks/frameworks"</string>
					<string>"${PODS_ROOT}/FirebaseInvites/Frameworks/frameworks"</string>
					<string>"${PODS_ROOT}/FirebaseMessaging/Frameworks/frameworks"</string>
					<string>"${PODS_ROOT}/FirebaseRemoteConfig/Frameworks/frameworks"</string>
					<string>"${PODS_ROOT}/FirebaseStorage/Frameworks/frameworks"</string>
					<string>"${PODS_ROOT}/Google-Mobile-Ads-SDK/Frameworks"</string>
					<string>"${PODS_ROOT}/GoogleAppUtilities/Frameworks/frameworks"</string>
					<string>"${PODS_ROOT}/GoogleAuthUtilities/Frameworks/frameworks"</string>
					<string>"${PODS_ROOT}/GoogleIPhoneUtilities/Frameworks"</string>
					<string>"${PODS_ROOT}/GoogleInterchangeUtilities/Frameworks/frameworks"</string>
					<string>"${PODS_ROOT}/GoogleNetworkingUtilities/Frameworks/frameworks"</string>
					<string>"${PODS_ROOT}/GoogleParsingUtilities/Frameworks/frameworks"</string>
					<string>"${PODS_ROOT}/GooglePlusUtilities/Frameworks/frameworks"</string>
					<string>"${PODS_ROOT}/GoogleSignIn/Frameworks"</string>
					<string>"${PODS_ROOT}/GoogleSymbolUtilities/Frameworks/frameworks"</string>
					<string>"${PODS_ROOT}/GoogleUtilities/Frameworks/frameworks"</string>
				</array>
				<key>INFOPLIST_FILE</key>
				<string>Spaide/Info.plist</string>
				<key>IPHONEOS_DEPLOYMENT_TARGET</key>
				<string>10.2</string>
				<key>LD_RUNPATH_SEARCH_PATHS</key>
				<string>$(inherited) @executable_path/Frameworks</string>
				<key>PRODUCT_BUNDLE_IDENTIFIER</key>
				<string>com.Deborah.Spaide</string>
				<key>PRODUCT_NAME</key>
				<string>$(TARGET_NAME)</string>
				<key>SWIFT_VERSION</key>
				<string>3.0</string>
			</dict>
			<key>isa</key>
			<string>XCBuildConfiguration</string>
			<key>name</key>
			<string>Release</string>
		</dict>
		<key>500C04CD1E71D3280096B987</key>
		<dict>
			<key>children</key>
			<array>
				<string>500C04BD1E71D0A30096B987</string>
				<string>500C04C21E71D0A30096B987</string>
				<string>500C04C01E71D0A30096B987</string>
				<string>500C04C51E71D0A30096B987</string>
				<string>50B4CB571E784BF900330A84</string>
				<string>50B4CB511E77592300330A84</string>
				<string>500C04D21E71E03B0096B987</string>
				<string>500C04D61E71E0B70096B987</string>
				<string>500C04DA1E71ED0E0096B987</string>
				<string>500C04D81E71ECE50096B987</string>
				<string>500C04E21E71F5340096B987</string>
				<string>500C04EC1E7213F90096B987</string>
				<string>500C04DC1E71ED2F0096B987</string>
				<string>500C04D41E71E0A10096B987</string>
			</array>
			<key>isa</key>
			<string>PBXGroup</string>
			<key>name</key>
			<string>Assets</string>
			<key>path</key>
			<string>Spaide</string>
			<key>sourceTree</key>
			<string>&lt;group&gt;</string>
		</dict>
		<key>500C04CE1E71D32F0096B987</key>
		<dict>
			<key>children</key>
			<array>
				<string>500C04FA1E73321B0096B987</string>
				<string>500C04D01E71D4400096B987</string>
				<string>50B4CB2F1E7345A300330A84</string>
				<string>50B4CB551E77743100330A84</string>
				<string>50B4CB7C1E7A0FAF00330A84</string>
			</array>
			<key>isa</key>
			<string>PBXGroup</string>
			<key>name</key>
			<string>Controllers</string>
			<key>sourceTree</key>
			<string>&lt;group&gt;</string>
		</dict>
		<key>500C04D01E71D4400096B987</key>
		<dict>
			<key>fileEncoding</key>
			<string>4</string>
			<key>isa</key>
			<string>PBXFileReference</string>
			<key>lastKnownFileType</key>
			<string>sourcecode.swift</string>
			<key>path</key>
			<string>LoginViewController.swift</string>
			<key>sourceTree</key>
			<string>&lt;group&gt;</string>
		</dict>
		<key>500C04D11E71D4400096B987</key>
		<dict>
			<key>fileRef</key>
			<string>500C04D01E71D4400096B987</string>
			<key>isa</key>
			<string>PBXBuildFile</string>
		</dict>
		<key>500C04D21E71E03B0096B987</key>
		<dict>
			<key>isa</key>
			<string>PBXFileReference</string>
			<key>lastKnownFileType</key>
			<string>image.png</string>
			<key>path</key>
			<string>blackbackground.png</string>
			<key>sourceTree</key>
			<string>&lt;group&gt;</string>
		</dict>
		<key>500C04D31E71E03B0096B987</key>
		<dict>
			<key>fileRef</key>
			<string>500C04D21E71E03B0096B987</string>
			<key>isa</key>
			<string>PBXBuildFile</string>
		</dict>
		<key>500C04D41E71E0A10096B987</key>
		<dict>
			<key>isa</key>
			<string>PBXFileReference</string>
			<key>lastKnownFileType</key>
			<string>file</string>
			<key>path</key>
			<string>DESYREL_.ttf</string>
			<key>sourceTree</key>
			<string>&lt;group&gt;</string>
		</dict>
		<key>500C04D51E71E0A20096B987</key>
		<dict>
			<key>fileRef</key>
			<string>500C04D41E71E0A10096B987</string>
			<key>isa</key>
			<string>PBXBuildFile</string>
		</dict>
		<key>500C04D61E71E0B70096B987</key>
		<dict>
			<key>isa</key>
			<string>PBXFileReference</string>
			<key>lastKnownFileType</key>
			<string>file</string>
			<key>path</key>
			<string>gapstown-r.ttf</string>
			<key>sourceTree</key>
			<string>&lt;group&gt;</string>
		</dict>
		<key>500C04D71E71E0B70096B987</key>
		<dict>
			<key>fileRef</key>
			<string>500C04D61E71E0B70096B987</string>
			<key>isa</key>
			<string>PBXBuildFile</string>
		</dict>
		<key>500C04D81E71ECE50096B987</key>
		<dict>
			<key>isa</key>
			<string>PBXFileReference</string>
			<key>lastKnownFileType</key>
			<string>image.png</string>
			<key>path</key>
			<string>chat (1).png</string>
			<key>sourceTree</key>
			<string>&lt;group&gt;</string>
		</dict>
		<key>500C04D91E71ECE50096B987</key>
		<dict>
			<key>fileRef</key>
			<string>500C04D81E71ECE50096B987</string>
			<key>isa</key>
			<string>PBXBuildFile</string>
		</dict>
		<key>500C04DA1E71ED0E0096B987</key>
		<dict>
			<key>isa</key>
			<string>PBXFileReference</string>
			<key>lastKnownFileType</key>
			<string>image.png</string>
			<key>path</key>
			<string>user (1).png</string>
			<key>sourceTree</key>
			<string>&lt;group&gt;</string>
		</dict>
		<key>500C04DB1E71ED0E0096B987</key>
		<dict>
			<key>fileRef</key>
			<string>500C04DA1E71ED0E0096B987</string>
			<key>isa</key>
			<string>PBXBuildFile</string>
		</dict>
		<key>500C04DC1E71ED2F0096B987</key>
		<dict>
			<key>isa</key>
			<string>PBXFileReference</string>
			<key>lastKnownFileType</key>
			<string>image.png</string>
			<key>path</key>
			<string>credit-card.png</string>
			<key>sourceTree</key>
			<string>&lt;group&gt;</string>
		</dict>
		<key>500C04DD1E71ED2F0096B987</key>
		<dict>
			<key>fileRef</key>
			<string>500C04DC1E71ED2F0096B987</string>
			<key>isa</key>
			<string>PBXBuildFile</string>
		</dict>
		<key>500C04E21E71F5340096B987</key>
		<dict>
			<key>isa</key>
			<string>PBXFileReference</string>
			<key>lastKnownFileType</key>
			<string>image.png</string>
			<key>path</key>
			<string>logout.png</string>
			<key>sourceTree</key>
			<string>&lt;group&gt;</string>
		</dict>
		<key>500C04E31E71F5340096B987</key>
		<dict>
			<key>fileRef</key>
			<string>500C04E21E71F5340096B987</string>
			<key>isa</key>
			<string>PBXBuildFile</string>
		</dict>
		<key>500C04EC1E7213F90096B987</key>
		<dict>
			<key>isa</key>
			<string>PBXFileReference</string>
			<key>lastKnownFileType</key>
			<string>image.png</string>
			<key>path</key>
			<string>Slide1.png</string>
			<key>sourceTree</key>
			<string>&lt;group&gt;</string>
		</dict>
		<key>500C04ED1E7213F90096B987</key>
		<dict>
			<key>fileRef</key>
			<string>500C04EC1E7213F90096B987</string>
			<key>isa</key>
			<string>PBXBuildFile</string>
		</dict>
		<key>500C04EE1E7229930096B987</key>
		<dict>
			<key>fileEncoding</key>
			<string>4</string>
			<key>isa</key>
			<string>PBXFileReference</string>
			<key>lastKnownFileType</key>
			<string>text.plist.xml</string>
			<key>path</key>
			<string>GoogleService-Info.plist</string>
			<key>sourceTree</key>
			<string>&lt;group&gt;</string>
		</dict>
		<key>500C04EF1E7229930096B987</key>
		<dict>
			<key>fileRef</key>
			<string>500C04EE1E7229930096B987</string>
			<key>isa</key>
			<string>PBXBuildFile</string>
		</dict>
		<key>500C04F01E725C880096B987</key>
		<dict>
			<key>fileEncoding</key>
			<string>4</string>
			<key>isa</key>
			<string>PBXFileReference</string>
			<key>lastKnownFileType</key>
			<string>sourcecode.swift</string>
			<key>path</key>
			<string>DataBaseConstants.swift</string>
			<key>sourceTree</key>
			<string>&lt;group&gt;</string>
		</dict>
		<key>500C04F11E725C880096B987</key>
		<dict>
			<key>fileRef</key>
			<string>500C04F01E725C880096B987</string>
			<key>isa</key>
			<string>PBXBuildFile</string>
		</dict>
		<key>500C04F21E725D9B0096B987</key>
		<dict>
			<key>fileEncoding</key>
			<string>4</string>
			<key>isa</key>
			<string>PBXFileReference</string>
			<key>lastKnownFileType</key>
			<string>sourcecode.swift</string>
			<key>path</key>
			<string>DataBase.swift</string>
			<key>sourceTree</key>
			<string>&lt;group&gt;</string>
		</dict>
		<key>500C04F31E725D9B0096B987</key>
		<dict>
			<key>fileRef</key>
			<string>500C04F21E725D9B0096B987</string>
			<key>isa</key>
			<string>PBXBuildFile</string>
		</dict>
		<key>500C04F61E7274970096B987</key>
		<dict>
			<key>fileEncoding</key>
			<string>4</string>
			<key>isa</key>
			<string>PBXFileReference</string>
			<key>lastKnownFileType</key>
			<string>sourcecode.swift</string>
			<key>path</key>
			<string>Authorization.swift</string>
			<key>sourceTree</key>
			<string>&lt;group&gt;</string>
		</dict>
		<key>500C04F71E7274970096B987</key>
		<dict>
			<key>fileRef</key>
			<string>500C04F61E7274970096B987</string>
			<key>isa</key>
			<string>PBXBuildFile</string>
		</dict>
		<key>500C04F81E727A370096B987</key>
		<dict>
			<key>fileEncoding</key>
			<string>4</string>
			<key>isa</key>
			<string>PBXFileReference</string>
			<key>lastKnownFileType</key>
			<string>sourcecode.swift</string>
			<key>path</key>
			<string>Contact.swift</string>
			<key>sourceTree</key>
			<string>&lt;group&gt;</string>
		</dict>
		<key>500C04F91E727A370096B987</key>
		<dict>
			<key>fileRef</key>
			<string>500C04F81E727A370096B987</string>
			<key>isa</key>
			<string>PBXBuildFile</string>
		</dict>
		<key>500C04FA1E73321B0096B987</key>
		<dict>
			<key>fileEncoding</key>
			<string>4</string>
			<key>isa</key>
			<string>PBXFileReference</string>
			<key>lastKnownFileType</key>
			<string>sourcecode.swift</string>
			<key>path</key>
			<string>ContactsViewController.swift</string>
			<key>sourceTree</key>
			<string>&lt;group&gt;</string>
		</dict>
		<key>500C04FB1E73321B0096B987</key>
		<dict>
			<key>fileRef</key>
			<string>500C04FA1E73321B0096B987</string>
			<key>isa</key>
			<string>PBXBuildFile</string>
		</dict>
		<key>50B4CB2F1E7345A300330A84</key>
		<dict>
			<key>fileEncoding</key>
			<string>4</string>
			<key>isa</key>
			<string>PBXFileReference</string>
			<key>lastKnownFileType</key>
			<string>sourcecode.swift</string>
			<key>name</key>
			<string>ChatViewController.swift</string>
			<key>path</key>
			<string>../../../Desktop/ChatViewController.swift</string>
			<key>sourceTree</key>
			<string>&lt;group&gt;</string>
		</dict>
		<key>50B4CB301E7345A300330A84</key>
		<dict>
			<key>fileRef</key>
			<string>50B4CB2F1E7345A300330A84</string>
			<key>isa</key>
			<string>PBXBuildFile</string>
		</dict>
		<key>50B4CB311E7723E300330A84</key>
		<dict>
			<key>fileEncoding</key>
			<string>4</string>
			<key>isa</key>
			<string>PBXFileReference</string>
			<key>lastKnownFileType</key>
			<string>sourcecode.swift</string>
			<key>path</key>
			<string>Messages.swift</string>
			<key>sourceTree</key>
			<string>&lt;group&gt;</string>
		</dict>
		<key>50B4CB321E7723E300330A84</key>
		<dict>
			<key>fileRef</key>
			<string>50B4CB311E7723E300330A84</string>
			<key>isa</key>
			<string>PBXBuildFile</string>
		</dict>
		<key>50B4CB511E77592300330A84</key>
		<dict>
			<key>isa</key>
			<string>PBXFileReference</string>
			<key>lastKnownFileType</key>
			<string>image.png</string>
			<key>path</key>
			<string>backgroundimage3.png</string>
			<key>sourceTree</key>
			<string>&lt;group&gt;</string>
		</dict>
		<key>50B4CB521E77592300330A84</key>
		<dict>
			<key>fileRef</key>
			<string>50B4CB511E77592300330A84</string>
			<key>isa</key>
			<string>PBXBuildFile</string>
		</dict>
		<key>50B4CB551E77743100330A84</key>
		<dict>
			<key>fileEncoding</key>
			<string>4</string>
			<key>isa</key>
			<string>PBXFileReference</string>
			<key>lastKnownFileType</key>
			<string>sourcecode.swift</string>
			<key>path</key>
			<string>Profile.swift</string>
			<key>sourceTree</key>
			<string>&lt;group&gt;</string>
		</dict>
		<key>50B4CB561E77743100330A84</key>
		<dict>
			<key>fileRef</key>
			<string>50B4CB551E77743100330A84</string>
			<key>isa</key>
			<string>PBXBuildFile</string>
		</dict>
		<key>50B4CB571E784BF900330A84</key>
		<dict>
			<key>isa</key>
			<string>PBXFileReference</string>
			<key>lastKnownFileType</key>
			<string>image.png</string>
			<key>path</key>
			<string>background5.png</string>
			<key>sourceTree</key>
			<string>&lt;group&gt;</string>
		</dict>
		<key>50B4CB581E784BF900330A84</key>
		<dict>
			<key>fileRef</key>
			<string>50B4CB571E784BF900330A84</string>
			<key>isa</key>
			<string>PBXBuildFile</string>
		</dict>
		<key>50B4CB7B1E7A02F200330A84</key>
		<dict>
			<key>children</key>
			<array>
				<string>500C04F21E725D9B0096B987</string>
				<string>500C04F01E725C880096B987</string>
				<string>500C04F61E7274970096B987</string>
				<string>500C04F81E727A370096B987</string>
				<string>50B4CB311E7723E300330A84</string>
			</array>
			<key>isa</key>
			<string>PBXGroup</string>
			<key>name</key>
			<string>Firebase Database</string>
			<key>sourceTree</key>
			<string>&lt;group&gt;</string>
		</dict>
		<key>50B4CB7C1E7A0FAF00330A84</key>
		<dict>
			<key>fileEncoding</key>
			<string>4</string>
			<key>isa</key>
			<string>PBXFileReference</string>
			<key>lastKnownFileType</key>
			<string>sourcecode.swift</string>
			<key>path</key>
			<string>CustomCellTableViewCell.swift</string>
			<key>sourceTree</key>
			<string>&lt;group&gt;</string>
		</dict>
		<key>50B4CB7D1E7A0FAF00330A84</key>
		<dict>
			<key>fileRef</key>
			<string>50B4CB7C1E7A0FAF00330A84</string>
			<key>isa</key>
			<string>PBXBuildFile</string>
		</dict>
	</dict>
	<key>rootObject</key>
	<string>500C04AC1E71D0A00096B987</string>
</dict>
</plist>
