// !$*UTF8*$!
{
	archiveVersion = 1;
	classes = {
	};
	objectVersion = 46;
	objects = {

/* Begin PBXBuildFile section */
		5008D8061EBBA2D5000C59F9 /* CustomTableViewCell.swift in Sources */ = {isa = PBXBuildFile; fileRef = 5008D8051EBBA2D5000C59F9 /* CustomTableViewCell.swift */; };
		500C04B81E71D0A10096B987 /* AppDelegate.swift in Sources */ = {isa = PBXBuildFile; fileRef = 500C04B71E71D0A10096B987 /* AppDelegate.swift */; };
		500C04BF1E71D0A30096B987 /* Main.storyboard in Resources */ = {isa = PBXBuildFile; fileRef = 500C04BD1E71D0A30096B987 /* Main.storyboard */; };
		500C04C11E71D0A30096B987 /* Assets.xcassets in Resources */ = {isa = PBXBuildFile; fileRef = 500C04C01E71D0A30096B987 /* Assets.xcassets */; };
		500C04C41E71D0A30096B987 /* LaunchScreen.storyboard in Resources */ = {isa = PBXBuildFile; fileRef = 500C04C21E71D0A30096B987 /* LaunchScreen.storyboard */; };
		500C04D11E71D4400096B987 /* LoginViewController.swift in Sources */ = {isa = PBXBuildFile; fileRef = 500C04D01E71D4400096B987 /* LoginViewController.swift */; };
		500C04EF1E7229930096B987 /* GoogleService-Info.plist in Resources */ = {isa = PBXBuildFile; fileRef = 500C04EE1E7229930096B987 /* GoogleService-Info.plist */; };
		5068C68B1EC25C260035492A /* disabled.png in Resources */ = {isa = PBXBuildFile; fileRef = 5068C68A1EC25C260035492A /* disabled.png */; };
		5068C68D1EC3831B0035492A /* BannerViewController.swift in Sources */ = {isa = PBXBuildFile; fileRef = 5068C68C1EC3831B0035492A /* BannerViewController.swift */; };
		5072DA651E9C01A000E0EA7C /* Bolts.framework in Frameworks */ = {isa = PBXBuildFile; fileRef = 5072DA641E9C01A000E0EA7C /* Bolts.framework */; };
		5072DA671E9C01AE00E0EA7C /* FBSDKCoreKit.framework in Frameworks */ = {isa = PBXBuildFile; fileRef = 5072DA661E9C01AE00E0EA7C /* FBSDKCoreKit.framework */; };
		5072DA691E9C01B400E0EA7C /* FBSDKLoginKit.framework in Frameworks */ = {isa = PBXBuildFile; fileRef = 5072DA681E9C01B400E0EA7C /* FBSDKLoginKit.framework */; };
		5072DA6B1E9C01BB00E0EA7C /* FBSDKShareKit.framework in Frameworks */ = {isa = PBXBuildFile; fileRef = 5072DA6A1E9C01BB00E0EA7C /* FBSDKShareKit.framework */; };
		5081CA151EB11528007929CB /* UserTableViewController.swift in Sources */ = {isa = PBXBuildFile; fileRef = 5081CA141EB11528007929CB /* UserTableViewController.swift */; };
		5081CA1B1EB11D01007929CB /* ProfileViewController.swift in Sources */ = {isa = PBXBuildFile; fileRef = 5081CA1A1EB11D01007929CB /* ProfileViewController.swift */; };
		5081CA1D1EB13016007929CB /* avatar.png in Resources */ = {isa = PBXBuildFile; fileRef = 5081CA1C1EB13015007929CB /* avatar.png */; };
		5081CA211EB13070007929CB /* list.png in Resources */ = {isa = PBXBuildFile; fileRef = 5081CA201EB13070007929CB /* list.png */; };
		5081CA231EB130BF007929CB /* home.png in Resources */ = {isa = PBXBuildFile; fileRef = 5081CA221EB130BF007929CB /* home.png */; };
		5081CA251EB13307007929CB /* settings.png in Resources */ = {isa = PBXBuildFile; fileRef = 5081CA241EB13307007929CB /* settings.png */; };
		5081CA2C1EB26469007929CB /* Connection.swift in Sources */ = {isa = PBXBuildFile; fileRef = 5081CA2B1EB26469007929CB /* Connection.swift */; };
		5081CA2E1EB264A2007929CB /* Indicator.swift in Sources */ = {isa = PBXBuildFile; fileRef = 5081CA2D1EB264A2007929CB /* Indicator.swift */; };
		50B5B06A1E8A141B00681097 /* CoreData.framework in Frameworks */ = {isa = PBXBuildFile; fileRef = 50B5B0691E8A141B00681097 /* CoreData.framework */; };
		50BDEEB71E819F1300D77020 /* Decalotype-Regular.ttf in Resources */ = {isa = PBXBuildFile; fileRef = 50BDEEB61E819F1300D77020 /* Decalotype-Regular.ttf */; };
		50BDEEB91E819F2D00D77020 /* Decalotype-SemiBold.ttf in Resources */ = {isa = PBXBuildFile; fileRef = 50BDEEB81E819F2D00D77020 /* Decalotype-SemiBold.ttf */; };
		50BDEEBB1E81E6B400D77020 /* TermsOfServiceController.swift in Sources */ = {isa = PBXBuildFile; fileRef = 50BDEEBA1E81E6B400D77020 /* TermsOfServiceController.swift */; };
		50BDEEBD1E822CA400D77020 /* leftarrow.png in Resources */ = {isa = PBXBuildFile; fileRef = 50BDEEBC1E822CA400D77020 /* leftarrow.png */; };
		9DBA637D24D739BD3F47E34E /* Pods_Spaide.framework in Frameworks */ = {isa = PBXBuildFile; fileRef = 8550F48AD1EE1094E254858E /* Pods_Spaide.framework */; settings = {ATTRIBUTES = (Required, ); }; };
/* End PBXBuildFile section */

/* Begin PBXFileReference section */
		5008D8051EBBA2D5000C59F9 /* CustomTableViewCell.swift */ = {isa = PBXFileReference; fileEncoding = 4; lastKnownFileType = sourcecode.swift; path = CustomTableViewCell.swift; sourceTree = "<group>"; };
		500C04B41E71D0A10096B987 /* Spaide.app */ = {isa = PBXFileReference; explicitFileType = wrapper.application; includeInIndex = 0; path = Spaide.app; sourceTree = BUILT_PRODUCTS_DIR; };
		500C04B71E71D0A10096B987 /* AppDelegate.swift */ = {isa = PBXFileReference; lastKnownFileType = sourcecode.swift; path = AppDelegate.swift; sourceTree = "<group>"; };
		500C04BE1E71D0A30096B987 /* Base */ = {isa = PBXFileReference; lastKnownFileType = file.storyboard; name = Base; path = Base.lproj/Main.storyboard; sourceTree = "<group>"; };
		500C04C01E71D0A30096B987 /* Assets.xcassets */ = {isa = PBXFileReference; lastKnownFileType = folder.assetcatalog; path = Assets.xcassets; sourceTree = "<group>"; };
		500C04C31E71D0A30096B987 /* Base */ = {isa = PBXFileReference; lastKnownFileType = file.storyboard; name = Base; path = Base.lproj/LaunchScreen.storyboard; sourceTree = "<group>"; };
		500C04C51E71D0A30096B987 /* Info.plist */ = {isa = PBXFileReference; lastKnownFileType = text.plist.xml; path = Info.plist; sourceTree = "<group>"; };
		500C04D01E71D4400096B987 /* LoginViewController.swift */ = {isa = PBXFileReference; fileEncoding = 4; lastKnownFileType = sourcecode.swift; path = LoginViewController.swift; sourceTree = "<group>"; };
		500C04EE1E7229930096B987 /* GoogleService-Info.plist */ = {isa = PBXFileReference; fileEncoding = 4; lastKnownFileType = text.plist.xml; path = "GoogleService-Info.plist"; sourceTree = "<group>"; };
		5068C68A1EC25C260035492A /* disabled.png */ = {isa = PBXFileReference; lastKnownFileType = image.png; path = disabled.png; sourceTree = "<group>"; };
		5068C68C1EC3831B0035492A /* BannerViewController.swift */ = {isa = PBXFileReference; fileEncoding = 4; lastKnownFileType = sourcecode.swift; path = BannerViewController.swift; sourceTree = "<group>"; };
		5072DA641E9C01A000E0EA7C /* Bolts.framework */ = {isa = PBXFileReference; lastKnownFileType = wrapper.framework; path = Bolts.framework; sourceTree = "<group>"; };
		5072DA661E9C01AE00E0EA7C /* FBSDKCoreKit.framework */ = {isa = PBXFileReference; lastKnownFileType = wrapper.framework; path = FBSDKCoreKit.framework; sourceTree = "<group>"; };
		5072DA681E9C01B400E0EA7C /* FBSDKLoginKit.framework */ = {isa = PBXFileReference; lastKnownFileType = wrapper.framework; path = FBSDKLoginKit.framework; sourceTree = "<group>"; };
		5072DA6A1E9C01BB00E0EA7C /* FBSDKShareKit.framework */ = {isa = PBXFileReference; lastKnownFileType = wrapper.framework; path = FBSDKShareKit.framework; sourceTree = "<group>"; };
		5081CA141EB11528007929CB /* UserTableViewController.swift */ = {isa = PBXFileReference; fileEncoding = 4; lastKnownFileType = sourcecode.swift; path = UserTableViewController.swift; sourceTree = "<group>"; };
		5081CA1A1EB11D01007929CB /* ProfileViewController.swift */ = {isa = PBXFileReference; fileEncoding = 4; lastKnownFileType = sourcecode.swift; path = ProfileViewController.swift; sourceTree = "<group>"; };
		5081CA1C1EB13015007929CB /* avatar.png */ = {isa = PBXFileReference; lastKnownFileType = image.png; path = avatar.png; sourceTree = "<group>"; };
		5081CA201EB13070007929CB /* list.png */ = {isa = PBXFileReference; lastKnownFileType = image.png; path = list.png; sourceTree = "<group>"; };
		5081CA221EB130BF007929CB /* home.png */ = {isa = PBXFileReference; lastKnownFileType = image.png; path = home.png; sourceTree = "<group>"; };
		5081CA241EB13307007929CB /* settings.png */ = {isa = PBXFileReference; lastKnownFileType = image.png; path = settings.png; sourceTree = "<group>"; };
		5081CA2B1EB26469007929CB /* Connection.swift */ = {isa = PBXFileReference; fileEncoding = 4; lastKnownFileType = sourcecode.swift; path = Connection.swift; sourceTree = "<group>"; };
		5081CA2D1EB264A2007929CB /* Indicator.swift */ = {isa = PBXFileReference; fileEncoding = 4; lastKnownFileType = sourcecode.swift; path = Indicator.swift; sourceTree = "<group>"; };
		50B5B0691E8A141B00681097 /* CoreData.framework */ = {isa = PBXFileReference; lastKnownFileType = wrapper.framework; name = CoreData.framework; path = System/Library/Frameworks/CoreData.framework; sourceTree = SDKROOT; };
		50BDEE491E80429700D77020 /* TextFieldEffects.framework */ = {isa = PBXFileReference; lastKnownFileType = wrapper.framework; name = TextFieldEffects.framework; path = "Pods/../build/Release-iphoneos/TextFieldEffects/TextFieldEffects.framework"; sourceTree = "<group>"; };
		50BDEE4B1E80429D00D77020 /* ChameleonFramework.framework */ = {isa = PBXFileReference; lastKnownFileType = wrapper.framework; name = ChameleonFramework.framework; path = "Pods/../build/Release-iphoneos/ChameleonFramework/ChameleonFramework.framework"; sourceTree = "<group>"; };
		50BDEE4D1E8042A400D77020 /* GoogleToolboxForMac.framework */ = {isa = PBXFileReference; lastKnownFileType = wrapper.framework; name = GoogleToolboxForMac.framework; path = "Pods/../build/Release-iphoneos/GoogleToolboxForMac/GoogleToolboxForMac.framework"; sourceTree = "<group>"; };
		50BDEE4F1E8042A900D77020 /* GTMSessionFetcher.framework */ = {isa = PBXFileReference; lastKnownFileType = wrapper.framework; name = GTMSessionFetcher.framework; path = "Pods/../build/Release-iphoneos/GTMSessionFetcher/GTMSessionFetcher.framework"; sourceTree = "<group>"; };
		50BDEE511E8042AE00D77020 /* FontBlaster.framework */ = {isa = PBXFileReference; lastKnownFileType = wrapper.framework; name = FontBlaster.framework; path = "Pods/../build/Release-iphoneos/FontBlaster/FontBlaster.framework"; sourceTree = "<group>"; };
		50BDEEB61E819F1300D77020 /* Decalotype-Regular.ttf */ = {isa = PBXFileReference; lastKnownFileType = file; name = "Decalotype-Regular.ttf"; path = "../Decalotype-Regular.ttf"; sourceTree = "<group>"; };
		50BDEEB81E819F2D00D77020 /* Decalotype-SemiBold.ttf */ = {isa = PBXFileReference; lastKnownFileType = file; path = "Decalotype-SemiBold.ttf"; sourceTree = "<group>"; };
		50BDEEBA1E81E6B400D77020 /* TermsOfServiceController.swift */ = {isa = PBXFileReference; fileEncoding = 4; lastKnownFileType = sourcecode.swift; path = TermsOfServiceController.swift; sourceTree = "<group>"; };
		50BDEEBC1E822CA400D77020 /* leftarrow.png */ = {isa = PBXFileReference; lastKnownFileType = image.png; path = leftarrow.png; sourceTree = "<group>"; };
		72C03FA731C4949AF2038341 /* Pods-Spaide.debug.xcconfig */ = {isa = PBXFileReference; includeInIndex = 1; lastKnownFileType = text.xcconfig; name = "Pods-Spaide.debug.xcconfig"; path = "Pods/Target Support Files/Pods-Spaide/Pods-Spaide.debug.xcconfig"; sourceTree = "<group>"; };
		8550F48AD1EE1094E254858E /* Pods_Spaide.framework */ = {isa = PBXFileReference; explicitFileType = wrapper.framework; includeInIndex = 0; path = Pods_Spaide.framework; sourceTree = BUILT_PRODUCTS_DIR; };
		C4088253042CCF4844C246B4 /* Pods-Spaide.release.xcconfig */ = {isa = PBXFileReference; includeInIndex = 1; lastKnownFileType = text.xcconfig; name = "Pods-Spaide.release.xcconfig"; path = "Pods/Target Support Files/Pods-Spaide/Pods-Spaide.release.xcconfig"; sourceTree = "<group>"; };
/* End PBXFileReference section */

/* Begin PBXFrameworksBuildPhase section */
		500C04B11E71D0A10096B987 /* Frameworks */ = {
			isa = PBXFrameworksBuildPhase;
			buildActionMask = 2147483647;
			files = (
				5072DA651E9C01A000E0EA7C /* Bolts.framework in Frameworks */,
				5072DA671E9C01AE00E0EA7C /* FBSDKCoreKit.framework in Frameworks */,
				5072DA6B1E9C01BB00E0EA7C /* FBSDKShareKit.framework in Frameworks */,
				5072DA691E9C01B400E0EA7C /* FBSDKLoginKit.framework in Frameworks */,
				50B5B06A1E8A141B00681097 /* CoreData.framework in Frameworks */,
				9DBA637D24D739BD3F47E34E /* Pods_Spaide.framework in Frameworks */,
			);
			runOnlyForDeploymentPostprocessing = 0;
		};
/* End PBXFrameworksBuildPhase section */

/* Begin PBXGroup section */
		494FF86C0FD52EC122433375 /* Frameworks */ = {
			isa = PBXGroup;
			children = (
				5072DA6A1E9C01BB00E0EA7C /* FBSDKShareKit.framework */,
				5072DA681E9C01B400E0EA7C /* FBSDKLoginKit.framework */,
				5072DA661E9C01AE00E0EA7C /* FBSDKCoreKit.framework */,
				5072DA641E9C01A000E0EA7C /* Bolts.framework */,
				50B5B0691E8A141B00681097 /* CoreData.framework */,
				50BDEE511E8042AE00D77020 /* FontBlaster.framework */,
				50BDEE4F1E8042A900D77020 /* GTMSessionFetcher.framework */,
				50BDEE4D1E8042A400D77020 /* GoogleToolboxForMac.framework */,
				50BDEE4B1E80429D00D77020 /* ChameleonFramework.framework */,
				50BDEE491E80429700D77020 /* TextFieldEffects.framework */,
				8550F48AD1EE1094E254858E /* Pods_Spaide.framework */,
			);
			name = Frameworks;
			sourceTree = "<group>";
		};
		500C04AB1E71D0A00096B987 = {
			isa = PBXGroup;
			children = (
				500C04B61E71D0A10096B987 /* Spaide */,
				500C04CE1E71D32F0096B987 /* Controllers */,
				5081CA2A1EB2642F007929CB /* Extras */,
				500C04CD1E71D3280096B987 /* Assets */,
				500C04B51E71D0A10096B987 /* Products */,
				70835E9EFE2027800FC7E730 /* Pods */,
				494FF86C0FD52EC122433375 /* Frameworks */,
			);
			sourceTree = "<group>";
		};
		500C04B51E71D0A10096B987 /* Products */ = {
			isa = PBXGroup;
			children = (
				500C04B41E71D0A10096B987 /* Spaide.app */,
			);
			name = Products;
			sourceTree = "<group>";
		};
		500C04B61E71D0A10096B987 /* Spaide */ = {
			isa = PBXGroup;
			children = (
				500C04B71E71D0A10096B987 /* AppDelegate.swift */,
			);
			path = Spaide;
			sourceTree = "<group>";
		};
		500C04CD1E71D3280096B987 /* Assets */ = {
			isa = PBXGroup;
			children = (
				500C04BD1E71D0A30096B987 /* Main.storyboard */,
				500C04C21E71D0A30096B987 /* LaunchScreen.storyboard */,
				500C04C01E71D0A30096B987 /* Assets.xcassets */,
				500C04C51E71D0A30096B987 /* Info.plist */,
				500C04EE1E7229930096B987 /* GoogleService-Info.plist */,
				50BDEEBC1E822CA400D77020 /* leftarrow.png */,
				5081CA1C1EB13015007929CB /* avatar.png */,
				5081CA201EB13070007929CB /* list.png */,
				5081CA221EB130BF007929CB /* home.png */,
				5068C68A1EC25C260035492A /* disabled.png */,
				5081CA241EB13307007929CB /* settings.png */,
				50BDEEB61E819F1300D77020 /* Decalotype-Regular.ttf */,
				50BDEEB81E819F2D00D77020 /* Decalotype-SemiBold.ttf */,
			);
			name = Assets;
			path = Spaide;
			sourceTree = "<group>";
		};
		500C04CE1E71D32F0096B987 /* Controllers */ = {
			isa = PBXGroup;
			children = (
				500C04D01E71D4400096B987 /* LoginViewController.swift */,
				50BDEEBA1E81E6B400D77020 /* TermsOfServiceController.swift */,
				5081CA141EB11528007929CB /* UserTableViewController.swift */,
				5081CA1A1EB11D01007929CB /* ProfileViewController.swift */,
				5068C68C1EC3831B0035492A /* BannerViewController.swift */,
			);
			name = Controllers;
			path = Spaide;
			sourceTree = "<group>";
		};
		5081CA2A1EB2642F007929CB /* Extras */ = {
			isa = PBXGroup;
			children = (
				5081CA2B1EB26469007929CB /* Connection.swift */,
				5081CA2D1EB264A2007929CB /* Indicator.swift */,
				5008D8051EBBA2D5000C59F9 /* CustomTableViewCell.swift */,
			);
			name = Extras;
			path = Spaide;
			sourceTree = "<group>";
		};
		70835E9EFE2027800FC7E730 /* Pods */ = {
			isa = PBXGroup;
			children = (
				72C03FA731C4949AF2038341 /* Pods-Spaide.debug.xcconfig */,
				C4088253042CCF4844C246B4 /* Pods-Spaide.release.xcconfig */,
			);
			name = Pods;
			sourceTree = "<group>";
		};
/* End PBXGroup section */

/* Begin PBXNativeTarget section */
		500C04B31E71D0A10096B987 /* Spaide */ = {
			isa = PBXNativeTarget;
			buildConfigurationList = 500C04C81E71D0A30096B987 /* Build configuration list for PBXNativeTarget "Spaide" */;
			buildPhases = (
				C874F7AD02180908E554648D /* [CP] Check Pods Manifest.lock */,
				500C04B01E71D0A10096B987 /* Sources */,
				500C04B11E71D0A10096B987 /* Frameworks */,
				500C04B21E71D0A10096B987 /* Resources */,
				DB5A2E854DB0595CFE245EB2 /* [CP] Embed Pods Frameworks */,
				F6D04DA13015C4823AD866A3 /* [CP] Copy Pods Resources */,
			);
			buildRules = (
			);
			dependencies = (
			);
			name = Spaide;
			productName = Spaide;
			productReference = 500C04B41E71D0A10096B987 /* Spaide.app */;
			productType = "com.apple.product-type.application";
		};
/* End PBXNativeTarget section */

/* Begin PBXProject section */
		500C04AC1E71D0A00096B987 /* Project object */ = {
			isa = PBXProject;
			attributes = {
				LastSwiftUpdateCheck = 0830;
				LastUpgradeCheck = 0830;
				ORGANIZATIONNAME = Deborah;
				TargetAttributes = {
					500C04B31E71D0A10096B987 = {
						CreatedOnToolsVersion = 8.3;
						DevelopmentTeam = 4J6N8TR2LN;
						ProvisioningStyle = Automatic;
					};
				};
			};
			buildConfigurationList = 500C04AF1E71D0A00096B987 /* Build configuration list for PBXProject "Spaide" */;
			compatibilityVersion = "Xcode 3.2";
			developmentRegion = English;
			hasScannedForEncodings = 0;
			knownRegions = (
				en,
				Base,
			);
			mainGroup = 500C04AB1E71D0A00096B987;
			productRefGroup = 500C04B51E71D0A10096B987 /* Products */;
			projectDirPath = "";
			projectRoot = "";
			targets = (
				500C04B31E71D0A10096B987 /* Spaide */,
			);
		};
/* End PBXProject section */

/* Begin PBXResourcesBuildPhase section */
		500C04B21E71D0A10096B987 /* Resources */ = {
			isa = PBXResourcesBuildPhase;
			buildActionMask = 2147483647;
			files = (
				500C04C41E71D0A30096B987 /* LaunchScreen.storyboard in Resources */,
				50BDEEB71E819F1300D77020 /* Decalotype-Regular.ttf in Resources */,
				5068C68B1EC25C260035492A /* disabled.png in Resources */,
				50BDEEB91E819F2D00D77020 /* Decalotype-SemiBold.ttf in Resources */,
				5081CA251EB13307007929CB /* settings.png in Resources */,
				500C04EF1E7229930096B987 /* GoogleService-Info.plist in Resources */,
				5081CA231EB130BF007929CB /* home.png in Resources */,
				5081CA1D1EB13016007929CB /* avatar.png in Resources */,
				500C04C11E71D0A30096B987 /* Assets.xcassets in Resources */,
				50BDEEBD1E822CA400D77020 /* leftarrow.png in Resources */,
				500C04BF1E71D0A30096B987 /* Main.storyboard in Resources */,
				5081CA211EB13070007929CB /* list.png in Resources */,
			);
			runOnlyForDeploymentPostprocessing = 0;
		};
/* End PBXResourcesBuildPhase section */

/* Begin PBXShellScriptBuildPhase section */
		C874F7AD02180908E554648D /* [CP] Check Pods Manifest.lock */ = {
			isa = PBXShellScriptBuildPhase;
			buildActionMask = 2147483647;
			files = (
			);
			inputPaths = (
			);
			name = "[CP] Check Pods Manifest.lock";
			outputPaths = (
			);
			runOnlyForDeploymentPostprocessing = 0;
			shellPath = /bin/sh;
			shellScript = "diff \"${PODS_PODFILE_DIR_PATH}/Podfile.lock\" \"${PODS_ROOT}/Manifest.lock\" > /dev/null\nif [ $? != 0 ] ; then\n    # print error to STDERR\n    echo \"error: The sandbox is not in sync with the Podfile.lock. Run 'pod install' or update your CocoaPods installation.\" >&2\n    exit 1\nfi\n";
			showEnvVarsInLog = 0;
		};
		DB5A2E854DB0595CFE245EB2 /* [CP] Embed Pods Frameworks */ = {
			isa = PBXShellScriptBuildPhase;
			buildActionMask = 2147483647;
			files = (
			);
			inputPaths = (
			);
			name = "[CP] Embed Pods Frameworks";
			outputPaths = (
			);
			runOnlyForDeploymentPostprocessing = 0;
			shellPath = /bin/sh;
			shellScript = "\"${SRCROOT}/Pods/Target Support Files/Pods-Spaide/Pods-Spaide-frameworks.sh\"\n";
			showEnvVarsInLog = 0;
		};
		F6D04DA13015C4823AD866A3 /* [CP] Copy Pods Resources */ = {
			isa = PBXShellScriptBuildPhase;
			buildActionMask = 2147483647;
			files = (
			);
			inputPaths = (
			);
			name = "[CP] Copy Pods Resources";
			outputPaths = (
			);
			runOnlyForDeploymentPostprocessing = 0;
			shellPath = /bin/sh;
			shellScript = "\"${SRCROOT}/Pods/Target Support Files/Pods-Spaide/Pods-Spaide-resources.sh\"\n";
			showEnvVarsInLog = 0;
		};
/* End PBXShellScriptBuildPhase section */

/* Begin PBXSourcesBuildPhase section */
		500C04B01E71D0A10096B987 /* Sources */ = {
			isa = PBXSourcesBuildPhase;
			buildActionMask = 2147483647;
			files = (
				5068C68D1EC3831B0035492A /* BannerViewController.swift in Sources */,
				5008D8061EBBA2D5000C59F9 /* CustomTableViewCell.swift in Sources */,
				50BDEEBB1E81E6B400D77020 /* TermsOfServiceController.swift in Sources */,
				500C04D11E71D4400096B987 /* LoginViewController.swift in Sources */,
				5081CA1B1EB11D01007929CB /* ProfileViewController.swift in Sources */,
				5081CA2C1EB26469007929CB /* Connection.swift in Sources */,
				5081CA151EB11528007929CB /* UserTableViewController.swift in Sources */,
				500C04B81E71D0A10096B987 /* AppDelegate.swift in Sources */,
				5081CA2E1EB264A2007929CB /* Indicator.swift in Sources */,
			);
			runOnlyForDeploymentPostprocessing = 0;
		};
/* End PBXSourcesBuildPhase section */

/* Begin PBXVariantGroup section */
		500C04BD1E71D0A30096B987 /* Main.storyboard */ = {
			isa = PBXVariantGroup;
			children = (
				500C04BE1E71D0A30096B987 /* Base */,
			);
			name = Main.storyboard;
			sourceTree = "<group>";
		};
		500C04C21E71D0A30096B987 /* LaunchScreen.storyboard */ = {
			isa = PBXVariantGroup;
			children = (
				500C04C31E71D0A30096B987 /* Base */,
			);
			name = LaunchScreen.storyboard;
			sourceTree = "<group>";
		};
/* End PBXVariantGroup section */

/* Begin XCBuildConfiguration section */
		500C04C61E71D0A30096B987 /* Debug */ = {
			isa = XCBuildConfiguration;
			buildSettings = {
				ALWAYS_SEARCH_USER_PATHS = YES;
				CLANG_ANALYZER_NONNULL = YES;
				CLANG_ANALYZER_NUMBER_OBJECT_CONVERSION = YES_AGGRESSIVE;
				CLANG_CXX_LANGUAGE_STANDARD = "gnu++0x";
				CLANG_CXX_LIBRARY = "libc++";
				CLANG_ENABLE_MODULES = YES;
				CLANG_ENABLE_OBJC_ARC = YES;
				CLANG_WARN_BOOL_CONVERSION = YES;
				CLANG_WARN_CONSTANT_CONVERSION = YES;
				CLANG_WARN_DIRECT_OBJC_ISA_USAGE = YES_ERROR;
				CLANG_WARN_DOCUMENTATION_COMMENTS = YES;
				CLANG_WARN_EMPTY_BODY = YES;
				CLANG_WARN_ENUM_CONVERSION = YES;
				CLANG_WARN_INFINITE_RECURSION = YES;
				CLANG_WARN_INT_CONVERSION = YES;
				CLANG_WARN_OBJC_ROOT_CLASS = YES_ERROR;
				CLANG_WARN_SUSPICIOUS_MOVE = YES;
				CLANG_WARN_UNREACHABLE_CODE = YES;
				CLANG_WARN__DUPLICATE_METHOD_MATCH = YES;
				"CODE_SIGN_IDENTITY[sdk=iphoneos*]" = "iPhone Developer";
				COPY_PHASE_STRIP = NO;
				DEBUG_INFORMATION_FORMAT = dwarf;
				ENABLE_STRICT_OBJC_MSGSEND = YES;
				ENABLE_TESTABILITY = YES;
				FRAMEWORK_SEARCH_PATHS = (
					"$(SRCROOT)/**",
					"$(inherited)",
				);
				GCC_C_LANGUAGE_STANDARD = gnu99;
				GCC_DYNAMIC_NO_PIC = NO;
				GCC_NO_COMMON_BLOCKS = YES;
				GCC_OPTIMIZATION_LEVEL = 0;
				GCC_PREPROCESSOR_DEFINITIONS = (
					"DEBUG=1",
					"$(inherited)",
				);
				GCC_WARN_64_TO_32_BIT_CONVERSION = YES;
				GCC_WARN_ABOUT_RETURN_TYPE = YES_ERROR;
				GCC_WARN_UNDECLARED_SELECTOR = YES;
				GCC_WARN_UNINITIALIZED_AUTOS = YES_AGGRESSIVE;
				GCC_WARN_UNUSED_FUNCTION = YES;
				GCC_WARN_UNUSED_VARIABLE = YES;
				IPHONEOS_DEPLOYMENT_TARGET = 10.3;
				MTL_ENABLE_DEBUG_INFO = YES;
				ONLY_ACTIVE_ARCH = YES;
				SDKROOT = iphoneos;
				SWIFT_ACTIVE_COMPILATION_CONDITIONS = DEBUG;
				SWIFT_OPTIMIZATION_LEVEL = "-Onone";
			};
			name = Debug;
		};
		500C04C71E71D0A30096B987 /* Release */ = {
			isa = XCBuildConfiguration;
			buildSettings = {
				ALWAYS_SEARCH_USER_PATHS = YES;
				CLANG_ANALYZER_NONNULL = YES;
				CLANG_ANALYZER_NUMBER_OBJECT_CONVERSION = YES_AGGRESSIVE;
				CLANG_CXX_LANGUAGE_STANDARD = "gnu++0x";
				CLANG_CXX_LIBRARY = "libc++";
				CLANG_ENABLE_MODULES = YES;
				CLANG_ENABLE_OBJC_ARC = YES;
				CLANG_WARN_BOOL_CONVERSION = YES;
				CLANG_WARN_CONSTANT_CONVERSION = YES;
				CLANG_WARN_DIRECT_OBJC_ISA_USAGE = YES_ERROR;
				CLANG_WARN_DOCUMENTATION_COMMENTS = YES;
				CLANG_WARN_EMPTY_BODY = YES;
				CLANG_WARN_ENUM_CONVERSION = YES;
				CLANG_WARN_INFINITE_RECURSION = YES;
				CLANG_WARN_INT_CONVERSION = YES;
				CLANG_WARN_OBJC_ROOT_CLASS = YES_ERROR;
				CLANG_WARN_SUSPICIOUS_MOVE = YES;
				CLANG_WARN_UNREACHABLE_CODE = YES;
				CLANG_WARN__DUPLICATE_METHOD_MATCH = YES;
				"CODE_SIGN_IDENTITY[sdk=iphoneos*]" = "iPhone Developer";
				COPY_PHASE_STRIP = NO;
				DEBUG_INFORMATION_FORMAT = "dwarf-with-dsym";
				ENABLE_NS_ASSERTIONS = NO;
				ENABLE_STRICT_OBJC_MSGSEND = YES;
				FRAMEWORK_SEARCH_PATHS = (
					"$(SRCROOT)/**",
					"$(inherited)",
				);
				GCC_C_LANGUAGE_STANDARD = gnu99;
				GCC_NO_COMMON_BLOCKS = YES;
				GCC_WARN_64_TO_32_BIT_CONVERSION = YES;
				GCC_WARN_ABOUT_RETURN_TYPE = YES_ERROR;
				GCC_WARN_UNDECLARED_SELECTOR = YES;
				GCC_WARN_UNINITIALIZED_AUTOS = YES_AGGRESSIVE;
				GCC_WARN_UNUSED_FUNCTION = YES;
				GCC_WARN_UNUSED_VARIABLE = YES;
				IPHONEOS_DEPLOYMENT_TARGET = 10.3;
				MTL_ENABLE_DEBUG_INFO = NO;
				SDKROOT = iphoneos;
				SWIFT_OPTIMIZATION_LEVEL = "-Owholemodule";
				VALIDATE_PRODUCT = YES;
			};
			name = Release;
		};
		500C04C91E71D0A30096B987 /* Debug */ = {
			isa = XCBuildConfiguration;
			baseConfigurationReference = 72C03FA731C4949AF2038341 /* Pods-Spaide.debug.xcconfig */;
			buildSettings = {
				ALWAYS_SEARCH_USER_PATHS = NO;
				ASSETCATALOG_COMPILER_APPICON_NAME = AppIcon;
				DEVELOPMENT_TEAM = 4J6N8TR2LN;
				FRAMEWORK_SEARCH_PATHS = (
					"$(inherited)",
					"$(PROJECT_DIR)",
				);
				INFOPLIST_FILE = Spaide/Info.plist;
				IPHONEOS_DEPLOYMENT_TARGET = 8.0;
				LD_RUNPATH_SEARCH_PATHS = "$(inherited) @executable_path/Frameworks";
				PRODUCT_BUNDLE_IDENTIFIER = com.Deborah.Spaide;
				PRODUCT_NAME = "$(TARGET_NAME)";
				SWIFT_VERSION = 3.0;
			};
			name = Debug;
		};
		500C04CA1E71D0A30096B987 /* Release */ = {
			isa = XCBuildConfiguration;
			baseConfigurationReference = C4088253042CCF4844C246B4 /* Pods-Spaide.release.xcconfig */;
			buildSettings = {
				ALWAYS_SEARCH_USER_PATHS = NO;
				ASSETCATALOG_COMPILER_APPICON_NAME = AppIcon;
				DEVELOPMENT_TEAM = 4J6N8TR2LN;
				FRAMEWORK_SEARCH_PATHS = (
					"$(inherited)",
					"$(PROJECT_DIR)",
				);
				INFOPLIST_FILE = Spaide/Info.plist;
				IPHONEOS_DEPLOYMENT_TARGET = 8.0;
				LD_RUNPATH_SEARCH_PATHS = "$(inherited) @executable_path/Frameworks";
				PRODUCT_BUNDLE_IDENTIFIER = com.Deborah.Spaide;
				PRODUCT_NAME = "$(TARGET_NAME)";
				SWIFT_VERSION = 3.0;
			};
			name = Release;
		};
/* End XCBuildConfiguration section */

/* Begin XCConfigurationList section */
		500C04AF1E71D0A00096B987 /* Build configuration list for PBXProject "Spaide" */ = {
			isa = XCConfigurationList;
			buildConfigurations = (
				500C04C61E71D0A30096B987 /* Debug */,
				500C04C71E71D0A30096B987 /* Release */,
			);
			defaultConfigurationIsVisible = 0;
			defaultConfigurationName = Release;
		};
		500C04C81E71D0A30096B987 /* Build configuration list for PBXNativeTarget "Spaide" */ = {
			isa = XCConfigurationList;
			buildConfigurations = (
				500C04C91E71D0A30096B987 /* Debug */,
				500C04CA1E71D0A30096B987 /* Release */,
			);
			defaultConfigurationIsVisible = 0;
			defaultConfigurationName = Release;
		};
/* End XCConfigurationList section */
	};
	rootObject = 500C04AC1E71D0A00096B987 /* Project object */;
}
