// !$*UTF8*$!
{
	archiveVersion = 1;
	classes = {
	};
	objectVersion = 46;
	objects = {

/* Begin PBXBuildFile section */
		500C04B81E71D0A10096B987 /* AppDelegate.swift in Sources */ = {isa = PBXBuildFile; fileRef = 500C04B71E71D0A10096B987 /* AppDelegate.swift */; };
		500C04BF1E71D0A30096B987 /* Main.storyboard in Resources */ = {isa = PBXBuildFile; fileRef = 500C04BD1E71D0A30096B987 /* Main.storyboard */; };
		500C04C11E71D0A30096B987 /* Assets.xcassets in Resources */ = {isa = PBXBuildFile; fileRef = 500C04C01E71D0A30096B987 /* Assets.xcassets */; };
		500C04C41E71D0A30096B987 /* LaunchScreen.storyboard in Resources */ = {isa = PBXBuildFile; fileRef = 500C04C21E71D0A30096B987 /* LaunchScreen.storyboard */; };
		500C04D11E71D4400096B987 /* LoginViewController.swift in Sources */ = {isa = PBXBuildFile; fileRef = 500C04D01E71D4400096B987 /* LoginViewController.swift */; };
		500C04D31E71E03B0096B987 /* blackbackground.png in Resources */ = {isa = PBXBuildFile; fileRef = 500C04D21E71E03B0096B987 /* blackbackground.png */; };
		500C04D51E71E0A20096B987 /* DESYREL_.ttf in Resources */ = {isa = PBXBuildFile; fileRef = 500C04D41E71E0A10096B987 /* DESYREL_.ttf */; };
		500C04D71E71E0B70096B987 /* gapstown-r.ttf in Resources */ = {isa = PBXBuildFile; fileRef = 500C04D61E71E0B70096B987 /* gapstown-r.ttf */; };
		500C04D91E71ECE50096B987 /* chat (1).png in Resources */ = {isa = PBXBuildFile; fileRef = 500C04D81E71ECE50096B987 /* chat (1).png */; };
		500C04DB1E71ED0E0096B987 /* user (1).png in Resources */ = {isa = PBXBuildFile; fileRef = 500C04DA1E71ED0E0096B987 /* user (1).png */; };
		500C04DD1E71ED2F0096B987 /* credit-card.png in Resources */ = {isa = PBXBuildFile; fileRef = 500C04DC1E71ED2F0096B987 /* credit-card.png */; };
		500C04DF1E71EDEA0096B987 /* find-on-map.png in Resources */ = {isa = PBXBuildFile; fileRef = 500C04DE1E71EDEA0096B987 /* find-on-map.png */; };
		500C04E11E71F26C0096B987 /* epilog.ttf in Resources */ = {isa = PBXBuildFile; fileRef = 500C04E01E71F26C0096B987 /* epilog.ttf */; };
		500C04E31E71F5340096B987 /* logout.png in Resources */ = {isa = PBXBuildFile; fileRef = 500C04E21E71F5340096B987 /* logout.png */; };
		500C04E51E7208C60096B987 /* blackgreybg.jpg in Resources */ = {isa = PBXBuildFile; fileRef = 500C04E41E7208C60096B987 /* blackgreybg.jpg */; };
		500C04E71E7212C50096B987 /* Slide3.png in Resources */ = {isa = PBXBuildFile; fileRef = 500C04E61E7212C50096B987 /* Slide3.png */; };
		500C04E91E7213820096B987 /* Arvin Regular.ttf in Resources */ = {isa = PBXBuildFile; fileRef = 500C04E81E7213820096B987 /* Arvin Regular.ttf */; };
		500C04EB1E7213F40096B987 /* Slide2.png in Resources */ = {isa = PBXBuildFile; fileRef = 500C04EA1E7213F40096B987 /* Slide2.png */; };
		500C04ED1E7213F90096B987 /* Slide1.png in Resources */ = {isa = PBXBuildFile; fileRef = 500C04EC1E7213F90096B987 /* Slide1.png */; };
		500C04EF1E7229930096B987 /* GoogleService-Info.plist in Resources */ = {isa = PBXBuildFile; fileRef = 500C04EE1E7229930096B987 /* GoogleService-Info.plist */; };
		500C04F11E725C880096B987 /* DataBaseConstants.swift in Sources */ = {isa = PBXBuildFile; fileRef = 500C04F01E725C880096B987 /* DataBaseConstants.swift */; };
		500C04F31E725D9B0096B987 /* DataBase.swift in Sources */ = {isa = PBXBuildFile; fileRef = 500C04F21E725D9B0096B987 /* DataBase.swift */; };
		500C04F71E7274970096B987 /* Authorization.swift in Sources */ = {isa = PBXBuildFile; fileRef = 500C04F61E7274970096B987 /* Authorization.swift */; };
		500C04F91E727A370096B987 /* Contact.swift in Sources */ = {isa = PBXBuildFile; fileRef = 500C04F81E727A370096B987 /* Contact.swift */; };
		500C04FB1E73321B0096B987 /* ContactsViewController.swift in Sources */ = {isa = PBXBuildFile; fileRef = 500C04FA1E73321B0096B987 /* ContactsViewController.swift */; };
		50B4CB301E7345A300330A84 /* ChatViewController.swift in Sources */ = {isa = PBXBuildFile; fileRef = 50B4CB2F1E7345A300330A84 /* ChatViewController.swift */; };
		50B4CB321E7723E300330A84 /* Messages.swift in Sources */ = {isa = PBXBuildFile; fileRef = 50B4CB311E7723E300330A84 /* Messages.swift */; };
		7D7B45D34D25D9AA6B5523D5 /* Pods_Spaide.framework in Frameworks */ = {isa = PBXBuildFile; fileRef = 5087521B621813EB8E9A7723 /* Pods_Spaide.framework */; };
/* End PBXBuildFile section */

/* Begin PBXFileReference section */
		500C04B41E71D0A10096B987 /* Spaide.app */ = {isa = PBXFileReference; explicitFileType = wrapper.application; includeInIndex = 0; path = Spaide.app; sourceTree = BUILT_PRODUCTS_DIR; };
		500C04B71E71D0A10096B987 /* AppDelegate.swift */ = {isa = PBXFileReference; lastKnownFileType = sourcecode.swift; path = AppDelegate.swift; sourceTree = "<group>"; };
		500C04BE1E71D0A30096B987 /* Base */ = {isa = PBXFileReference; lastKnownFileType = file.storyboard; name = Base; path = Base.lproj/Main.storyboard; sourceTree = "<group>"; };
		500C04C01E71D0A30096B987 /* Assets.xcassets */ = {isa = PBXFileReference; lastKnownFileType = folder.assetcatalog; path = Assets.xcassets; sourceTree = "<group>"; };
		500C04C31E71D0A30096B987 /* Base */ = {isa = PBXFileReference; lastKnownFileType = file.storyboard; name = Base; path = Base.lproj/LaunchScreen.storyboard; sourceTree = "<group>"; };
		500C04C51E71D0A30096B987 /* Info.plist */ = {isa = PBXFileReference; lastKnownFileType = text.plist.xml; path = Info.plist; sourceTree = "<group>"; };
		500C04D01E71D4400096B987 /* LoginViewController.swift */ = {isa = PBXFileReference; fileEncoding = 4; lastKnownFileType = sourcecode.swift; path = LoginViewController.swift; sourceTree = "<group>"; };
		500C04D21E71E03B0096B987 /* blackbackground.png */ = {isa = PBXFileReference; lastKnownFileType = image.png; path = blackbackground.png; sourceTree = "<group>"; };
		500C04D41E71E0A10096B987 /* DESYREL_.ttf */ = {isa = PBXFileReference; lastKnownFileType = file; path = DESYREL_.ttf; sourceTree = "<group>"; };
		500C04D61E71E0B70096B987 /* gapstown-r.ttf */ = {isa = PBXFileReference; lastKnownFileType = file; path = "gapstown-r.ttf"; sourceTree = "<group>"; };
		500C04D81E71ECE50096B987 /* chat (1).png */ = {isa = PBXFileReference; lastKnownFileType = image.png; path = "chat (1).png"; sourceTree = "<group>"; };
		500C04DA1E71ED0E0096B987 /* user (1).png */ = {isa = PBXFileReference; lastKnownFileType = image.png; path = "user (1).png"; sourceTree = "<group>"; };
		500C04DC1E71ED2F0096B987 /* credit-card.png */ = {isa = PBXFileReference; lastKnownFileType = image.png; path = "credit-card.png"; sourceTree = "<group>"; };
		500C04DE1E71EDEA0096B987 /* find-on-map.png */ = {isa = PBXFileReference; lastKnownFileType = image.png; path = "find-on-map.png"; sourceTree = "<group>"; };
		500C04E01E71F26C0096B987 /* epilog.ttf */ = {isa = PBXFileReference; lastKnownFileType = file; path = epilog.ttf; sourceTree = "<group>"; };
		500C04E21E71F5340096B987 /* logout.png */ = {isa = PBXFileReference; lastKnownFileType = image.png; path = logout.png; sourceTree = "<group>"; };
		500C04E41E7208C60096B987 /* blackgreybg.jpg */ = {isa = PBXFileReference; lastKnownFileType = image.jpeg; path = blackgreybg.jpg; sourceTree = "<group>"; };
		500C04E61E7212C50096B987 /* Slide3.png */ = {isa = PBXFileReference; lastKnownFileType = image.png; path = Slide3.png; sourceTree = "<group>"; };
		500C04E81E7213820096B987 /* Arvin Regular.ttf */ = {isa = PBXFileReference; lastKnownFileType = file; path = "Arvin Regular.ttf"; sourceTree = "<group>"; };
		500C04EA1E7213F40096B987 /* Slide2.png */ = {isa = PBXFileReference; lastKnownFileType = image.png; path = Slide2.png; sourceTree = "<group>"; };
		500C04EC1E7213F90096B987 /* Slide1.png */ = {isa = PBXFileReference; lastKnownFileType = image.png; path = Slide1.png; sourceTree = "<group>"; };
		500C04EE1E7229930096B987 /* GoogleService-Info.plist */ = {isa = PBXFileReference; fileEncoding = 4; lastKnownFileType = text.plist.xml; path = "GoogleService-Info.plist"; sourceTree = "<group>"; };
		500C04F01E725C880096B987 /* DataBaseConstants.swift */ = {isa = PBXFileReference; fileEncoding = 4; lastKnownFileType = sourcecode.swift; path = DataBaseConstants.swift; sourceTree = "<group>"; };
		500C04F21E725D9B0096B987 /* DataBase.swift */ = {isa = PBXFileReference; fileEncoding = 4; lastKnownFileType = sourcecode.swift; path = DataBase.swift; sourceTree = "<group>"; };
		500C04F61E7274970096B987 /* Authorization.swift */ = {isa = PBXFileReference; fileEncoding = 4; lastKnownFileType = sourcecode.swift; path = Authorization.swift; sourceTree = "<group>"; };
		500C04F81E727A370096B987 /* Contact.swift */ = {isa = PBXFileReference; fileEncoding = 4; lastKnownFileType = sourcecode.swift; path = Contact.swift; sourceTree = "<group>"; };
		500C04FA1E73321B0096B987 /* ContactsViewController.swift */ = {isa = PBXFileReference; fileEncoding = 4; lastKnownFileType = sourcecode.swift; path = ContactsViewController.swift; sourceTree = "<group>"; };
		5087521B621813EB8E9A7723 /* Pods_Spaide.framework */ = {isa = PBXFileReference; explicitFileType = wrapper.framework; includeInIndex = 0; path = Pods_Spaide.framework; sourceTree = BUILT_PRODUCTS_DIR; };
		50B4CB2F1E7345A300330A84 /* ChatViewController.swift */ = {isa = PBXFileReference; fileEncoding = 4; lastKnownFileType = sourcecode.swift; name = ChatViewController.swift; path = ../../../Desktop/ChatViewController.swift; sourceTree = "<group>"; };
		50B4CB311E7723E300330A84 /* Messages.swift */ = {isa = PBXFileReference; fileEncoding = 4; lastKnownFileType = sourcecode.swift; path = Messages.swift; sourceTree = "<group>"; };
		748D1A18FEE6F73CFC196BC8 /* Pods-Spaide.release.xcconfig */ = {isa = PBXFileReference; includeInIndex = 1; lastKnownFileType = text.xcconfig; name = "Pods-Spaide.release.xcconfig"; path = "Pods/Target Support Files/Pods-Spaide/Pods-Spaide.release.xcconfig"; sourceTree = "<group>"; };
		933400EFC1FE44634F2F5CF1 /* Pods-Spaide.debug.xcconfig */ = {isa = PBXFileReference; includeInIndex = 1; lastKnownFileType = text.xcconfig; name = "Pods-Spaide.debug.xcconfig"; path = "Pods/Target Support Files/Pods-Spaide/Pods-Spaide.debug.xcconfig"; sourceTree = "<group>"; };
/* End PBXFileReference section */

/* Begin PBXFrameworksBuildPhase section */
		500C04B11E71D0A10096B987 /* Frameworks */ = {
			isa = PBXFrameworksBuildPhase;
			buildActionMask = 2147483647;
			files = (
				7D7B45D34D25D9AA6B5523D5 /* Pods_Spaide.framework in Frameworks */,
			);
			runOnlyForDeploymentPostprocessing = 0;
		};
/* End PBXFrameworksBuildPhase section */

/* Begin PBXGroup section */
		2E5F887B5E8D8CF907B1179B /* Frameworks */ = {
			isa = PBXGroup;
			children = (
				5087521B621813EB8E9A7723 /* Pods_Spaide.framework */,
			);
			name = Frameworks;
			sourceTree = "<group>";
		};
		500C04AB1E71D0A00096B987 = {
			isa = PBXGroup;
			children = (
				500C04B61E71D0A10096B987 /* Spaide */,
				500C04B51E71D0A10096B987 /* Products */,
				9B4C0AE742E7FC594BF1537B /* Pods */,
				2E5F887B5E8D8CF907B1179B /* Frameworks */,
			);
			sourceTree = "<group>";
		};
		500C04B51E71D0A10096B987 /* Products */ = {
			isa = PBXGroup;
			children = (
				500C04B41E71D0A10096B987 /* Spaide.app */,
			);
			name = Products;
			sourceTree = "<group>";
		};
		500C04B61E71D0A10096B987 /* Spaide */ = {
			isa = PBXGroup;
			children = (
				500C04B71E71D0A10096B987 /* AppDelegate.swift */,
				500C04EE1E7229930096B987 /* GoogleService-Info.plist */,
				500C04F21E725D9B0096B987 /* DataBase.swift */,
				500C04F01E725C880096B987 /* DataBaseConstants.swift */,
				500C04F61E7274970096B987 /* Authorization.swift */,
				500C04F81E727A370096B987 /* Contact.swift */,
				50B4CB311E7723E300330A84 /* Messages.swift */,
				500C04CF1E71D3390096B987 /* Network */,
				500C04CE1E71D32F0096B987 /* Controllers */,
				500C04CD1E71D3280096B987 /* Assets */,
			);
			path = Spaide;
			sourceTree = "<group>";
		};
		500C04CD1E71D3280096B987 /* Assets */ = {
			isa = PBXGroup;
			children = (
				500C04BD1E71D0A30096B987 /* Main.storyboard */,
				500C04C21E71D0A30096B987 /* LaunchScreen.storyboard */,
				500C04C01E71D0A30096B987 /* Assets.xcassets */,
				500C04C51E71D0A30096B987 /* Info.plist */,
				500C04D21E71E03B0096B987 /* blackbackground.png */,
				500C04E61E7212C50096B987 /* Slide3.png */,
				500C04EA1E7213F40096B987 /* Slide2.png */,
				500C04E81E7213820096B987 /* Arvin Regular.ttf */,
				500C04D61E71E0B70096B987 /* gapstown-r.ttf */,
				500C04DA1E71ED0E0096B987 /* user (1).png */,
				500C04D81E71ECE50096B987 /* chat (1).png */,
				500C04E21E71F5340096B987 /* logout.png */,
				500C04EC1E7213F90096B987 /* Slide1.png */,
				500C04DC1E71ED2F0096B987 /* credit-card.png */,
				500C04E41E7208C60096B987 /* blackgreybg.jpg */,
				500C04E01E71F26C0096B987 /* epilog.ttf */,
				500C04DE1E71EDEA0096B987 /* find-on-map.png */,
				500C04D41E71E0A10096B987 /* DESYREL_.ttf */,
			);
			name = Assets;
			sourceTree = "<group>";
		};
		500C04CE1E71D32F0096B987 /* Controllers */ = {
			isa = PBXGroup;
			children = (
				500C04FA1E73321B0096B987 /* ContactsViewController.swift */,
				500C04D01E71D4400096B987 /* LoginViewController.swift */,
				50B4CB2F1E7345A300330A84 /* ChatViewController.swift */,
			);
			name = Controllers;
			sourceTree = "<group>";
		};
		500C04CF1E71D3390096B987 /* Network */ = {
			isa = PBXGroup;
			children = (
			);
			name = Network;
			sourceTree = "<group>";
		};
		9B4C0AE742E7FC594BF1537B /* Pods */ = {
			isa = PBXGroup;
			children = (
				933400EFC1FE44634F2F5CF1 /* Pods-Spaide.debug.xcconfig */,
				748D1A18FEE6F73CFC196BC8 /* Pods-Spaide.release.xcconfig */,
			);
			name = Pods;
			sourceTree = "<group>";
		};
/* End PBXGroup section */

/* Begin PBXNativeTarget section */
		500C04B31E71D0A10096B987 /* Spaide */ = {
			isa = PBXNativeTarget;
			buildConfigurationList = 500C04C81E71D0A30096B987 /* Build configuration list for PBXNativeTarget "Spaide" */;
			buildPhases = (
				392B1B7549D3DA07F133534C /* [CP] Check Pods Manifest.lock */,
				500C04B01E71D0A10096B987 /* Sources */,
				500C04B11E71D0A10096B987 /* Frameworks */,
				500C04B21E71D0A10096B987 /* Resources */,
				309AFAD94E6781D8221E1C3F /* [CP] Embed Pods Frameworks */,
				C353ACF696D85F752766313A /* [CP] Copy Pods Resources */,
			);
			buildRules = (
			);
			dependencies = (
			);
			name = Spaide;
			productName = Spaide;
			productReference = 500C04B41E71D0A10096B987 /* Spaide.app */;
			productType = "com.apple.product-type.application";
		};
/* End PBXNativeTarget section */

/* Begin PBXProject section */
		500C04AC1E71D0A00096B987 /* Project object */ = {
			isa = PBXProject;
			attributes = {
				LastSwiftUpdateCheck = 0830;
				LastUpgradeCheck = 0830;
				ORGANIZATIONNAME = Deborah;
				TargetAttributes = {
					500C04B31E71D0A10096B987 = {
						CreatedOnToolsVersion = 8.3;
						DevelopmentTeam = 4J6N8TR2LN;
						ProvisioningStyle = Automatic;
					};
				};
			};
			buildConfigurationList = 500C04AF1E71D0A00096B987 /* Build configuration list for PBXProject "Spaide" */;
			compatibilityVersion = "Xcode 3.2";
			developmentRegion = English;
			hasScannedForEncodings = 0;
			knownRegions = (
				en,
				Base,
			);
			mainGroup = 500C04AB1E71D0A00096B987;
			productRefGroup = 500C04B51E71D0A10096B987 /* Products */;
			projectDirPath = "";
			projectRoot = "";
			targets = (
				500C04B31E71D0A10096B987 /* Spaide */,
			);
		};
/* End PBXProject section */

/* Begin PBXResourcesBuildPhase section */
		500C04B21E71D0A10096B987 /* Resources */ = {
			isa = PBXResourcesBuildPhase;
			buildActionMask = 2147483647;
			files = (
				500C04C41E71D0A30096B987 /* LaunchScreen.storyboard in Resources */,
				500C04D91E71ECE50096B987 /* chat (1).png in Resources */,
				500C04DB1E71ED0E0096B987 /* user (1).png in Resources */,
				500C04E51E7208C60096B987 /* blackgreybg.jpg in Resources */,
				500C04EF1E7229930096B987 /* GoogleService-Info.plist in Resources */,
				500C04D51E71E0A20096B987 /* DESYREL_.ttf in Resources */,
				500C04D31E71E03B0096B987 /* blackbackground.png in Resources */,
				500C04C11E71D0A30096B987 /* Assets.xcassets in Resources */,
				500C04E31E71F5340096B987 /* logout.png in Resources */,
				500C04E11E71F26C0096B987 /* epilog.ttf in Resources */,
				500C04D71E71E0B70096B987 /* gapstown-r.ttf in Resources */,
				500C04BF1E71D0A30096B987 /* Main.storyboard in Resources */,
				500C04EB1E7213F40096B987 /* Slide2.png in Resources */,
				500C04DF1E71EDEA0096B987 /* find-on-map.png in Resources */,
				500C04DD1E71ED2F0096B987 /* credit-card.png in Resources */,
				500C04E71E7212C50096B987 /* Slide3.png in Resources */,
				500C04ED1E7213F90096B987 /* Slide1.png in Resources */,
				500C04E91E7213820096B987 /* Arvin Regular.ttf in Resources */,
			);
			runOnlyForDeploymentPostprocessing = 0;
		};
/* End PBXResourcesBuildPhase section */

/* Begin PBXShellScriptBuildPhase section */
		309AFAD94E6781D8221E1C3F /* [CP] Embed Pods Frameworks */ = {
			isa = PBXShellScriptBuildPhase;
			buildActionMask = 2147483647;
			files = (
			);
			inputPaths = (
			);
			name = "[CP] Embed Pods Frameworks";
			outputPaths = (
			);
			runOnlyForDeploymentPostprocessing = 0;
			shellPath = /bin/sh;
			shellScript = "\"${SRCROOT}/Pods/Target Support Files/Pods-Spaide/Pods-Spaide-frameworks.sh\"\n";
			showEnvVarsInLog = 0;
		};
		392B1B7549D3DA07F133534C /* [CP] Check Pods Manifest.lock */ = {
			isa = PBXShellScriptBuildPhase;
			buildActionMask = 2147483647;
			files = (
			);
			inputPaths = (
			);
			name = "[CP] Check Pods Manifest.lock";
			outputPaths = (
			);
			runOnlyForDeploymentPostprocessing = 0;
			shellPath = /bin/sh;
			shellScript = "diff \"${PODS_ROOT}/../Podfile.lock\" \"${PODS_ROOT}/Manifest.lock\" > /dev/null\nif [[ $? != 0 ]] ; then\n    cat << EOM\nerror: The sandbox is not in sync with the Podfile.lock. Run 'pod install' or update your CocoaPods installation.\nEOM\n    exit 1\nfi\n";
			showEnvVarsInLog = 0;
		};
		C353ACF696D85F752766313A /* [CP] Copy Pods Resources */ = {
			isa = PBXShellScriptBuildPhase;
			buildActionMask = 2147483647;
			files = (
			);
			inputPaths = (
			);
			name = "[CP] Copy Pods Resources";
			outputPaths = (
			);
			runOnlyForDeploymentPostprocessing = 0;
			shellPath = /bin/sh;
			shellScript = "\"${SRCROOT}/Pods/Target Support Files/Pods-Spaide/Pods-Spaide-resources.sh\"\n";
			showEnvVarsInLog = 0;
		};
/* End PBXShellScriptBuildPhase section */

/* Begin PBXSourcesBuildPhase section */
		500C04B01E71D0A10096B987 /* Sources */ = {
			isa = PBXSourcesBuildPhase;
			buildActionMask = 2147483647;
			files = (
				500C04D11E71D4400096B987 /* LoginViewController.swift in Sources */,
				50B4CB321E7723E300330A84 /* Messages.swift in Sources */,
				500C04FB1E73321B0096B987 /* ContactsViewController.swift in Sources */,
				50B4CB301E7345A300330A84 /* ChatViewController.swift in Sources */,
				500C04F11E725C880096B987 /* DataBaseConstants.swift in Sources */,
				500C04F31E725D9B0096B987 /* DataBase.swift in Sources */,
				500C04F71E7274970096B987 /* Authorization.swift in Sources */,
				500C04B81E71D0A10096B987 /* AppDelegate.swift in Sources */,
				500C04F91E727A370096B987 /* Contact.swift in Sources */,
			);
			runOnlyForDeploymentPostprocessing = 0;
		};
/* End PBXSourcesBuildPhase section */

/* Begin PBXVariantGroup section */
		500C04BD1E71D0A30096B987 /* Main.storyboard */ = {
			isa = PBXVariantGroup;
			children = (
				500C04BE1E71D0A30096B987 /* Base */,
			);
			name = Main.storyboard;
			sourceTree = "<group>";
		};
		500C04C21E71D0A30096B987 /* LaunchScreen.storyboard */ = {
			isa = PBXVariantGroup;
			children = (
				500C04C31E71D0A30096B987 /* Base */,
			);
			name = LaunchScreen.storyboard;
			sourceTree = "<group>";
		};
/* End PBXVariantGroup section */

/* Begin XCBuildConfiguration section */
		500C04C61E71D0A30096B987 /* Debug */ = {
			isa = XCBuildConfiguration;
			buildSettings = {
				ALWAYS_SEARCH_USER_PATHS = NO;
				CLANG_ANALYZER_NONNULL = YES;
				CLANG_ANALYZER_NUMBER_OBJECT_CONVERSION = YES_AGGRESSIVE;
				CLANG_CXX_LANGUAGE_STANDARD = "gnu++0x";
				CLANG_CXX_LIBRARY = "libc++";
				CLANG_ENABLE_MODULES = YES;
				CLANG_ENABLE_OBJC_ARC = YES;
				CLANG_WARN_BOOL_CONVERSION = YES;
				CLANG_WARN_CONSTANT_CONVERSION = YES;
				CLANG_WARN_DIRECT_OBJC_ISA_USAGE = YES_ERROR;
				CLANG_WARN_DOCUMENTATION_COMMENTS = YES;
				CLANG_WARN_EMPTY_BODY = YES;
				CLANG_WARN_ENUM_CONVERSION = YES;
				CLANG_WARN_INFINITE_RECURSION = YES;
				CLANG_WARN_INT_CONVERSION = YES;
				CLANG_WARN_OBJC_ROOT_CLASS = YES_ERROR;
				CLANG_WARN_SUSPICIOUS_MOVE = YES;
				CLANG_WARN_UNREACHABLE_CODE = YES;
				CLANG_WARN__DUPLICATE_METHOD_MATCH = YES;
				"CODE_SIGN_IDENTITY[sdk=iphoneos*]" = "iPhone Developer";
				COPY_PHASE_STRIP = NO;
				DEBUG_INFORMATION_FORMAT = dwarf;
				ENABLE_STRICT_OBJC_MSGSEND = YES;
				ENABLE_TESTABILITY = YES;
				FRAMEWORK_SEARCH_PATHS = "$(SRCROOT)/**";
				GCC_C_LANGUAGE_STANDARD = gnu99;
				GCC_DYNAMIC_NO_PIC = NO;
				GCC_NO_COMMON_BLOCKS = YES;
				GCC_OPTIMIZATION_LEVEL = 0;
				GCC_PREPROCESSOR_DEFINITIONS = (
					"DEBUG=1",
					"$(inherited)",
				);
				GCC_WARN_64_TO_32_BIT_CONVERSION = YES;
				GCC_WARN_ABOUT_RETURN_TYPE = YES_ERROR;
				GCC_WARN_UNDECLARED_SELECTOR = YES;
				GCC_WARN_UNINITIALIZED_AUTOS = YES_AGGRESSIVE;
				GCC_WARN_UNUSED_FUNCTION = YES;
				GCC_WARN_UNUSED_VARIABLE = YES;
				IPHONEOS_DEPLOYMENT_TARGET = 10.3;
				MTL_ENABLE_DEBUG_INFO = YES;
				ONLY_ACTIVE_ARCH = YES;
				SDKROOT = iphoneos;
				SWIFT_ACTIVE_COMPILATION_CONDITIONS = DEBUG;
				SWIFT_OPTIMIZATION_LEVEL = "-Onone";
			};
			name = Debug;
		};
		500C04C71E71D0A30096B987 /* Release */ = {
			isa = XCBuildConfiguration;
			buildSettings = {
				ALWAYS_SEARCH_USER_PATHS = NO;
				CLANG_ANALYZER_NONNULL = YES;
				CLANG_ANALYZER_NUMBER_OBJECT_CONVERSION = YES_AGGRESSIVE;
				CLANG_CXX_LANGUAGE_STANDARD = "gnu++0x";
				CLANG_CXX_LIBRARY = "libc++";
				CLANG_ENABLE_MODULES = YES;
				CLANG_ENABLE_OBJC_ARC = YES;
				CLANG_WARN_BOOL_CONVERSION = YES;
				CLANG_WARN_CONSTANT_CONVERSION = YES;
				CLANG_WARN_DIRECT_OBJC_ISA_USAGE = YES_ERROR;
				CLANG_WARN_DOCUMENTATION_COMMENTS = YES;
				CLANG_WARN_EMPTY_BODY = YES;
				CLANG_WARN_ENUM_CONVERSION = YES;
				CLANG_WARN_INFINITE_RECURSION = YES;
				CLANG_WARN_INT_CONVERSION = YES;
				CLANG_WARN_OBJC_ROOT_CLASS = YES_ERROR;
				CLANG_WARN_SUSPICIOUS_MOVE = YES;
				CLANG_WARN_UNREACHABLE_CODE = YES;
				CLANG_WARN__DUPLICATE_METHOD_MATCH = YES;
				"CODE_SIGN_IDENTITY[sdk=iphoneos*]" = "iPhone Developer";
				COPY_PHASE_STRIP = NO;
				DEBUG_INFORMATION_FORMAT = "dwarf-with-dsym";
				ENABLE_NS_ASSERTIONS = NO;
				ENABLE_STRICT_OBJC_MSGSEND = YES;
				FRAMEWORK_SEARCH_PATHS = "$(SRCROOT)/**";
				GCC_C_LANGUAGE_STANDARD = gnu99;
				GCC_NO_COMMON_BLOCKS = YES;
				GCC_WARN_64_TO_32_BIT_CONVERSION = YES;
				GCC_WARN_ABOUT_RETURN_TYPE = YES_ERROR;
				GCC_WARN_UNDECLARED_SELECTOR = YES;
				GCC_WARN_UNINITIALIZED_AUTOS = YES_AGGRESSIVE;
				GCC_WARN_UNUSED_FUNCTION = YES;
				GCC_WARN_UNUSED_VARIABLE = YES;
				IPHONEOS_DEPLOYMENT_TARGET = 10.3;
				MTL_ENABLE_DEBUG_INFO = NO;
				SDKROOT = iphoneos;
				SWIFT_OPTIMIZATION_LEVEL = "-Owholemodule";
				VALIDATE_PRODUCT = YES;
			};
			name = Release;
		};
		500C04C91E71D0A30096B987 /* Debug */ = {
			isa = XCBuildConfiguration;
			baseConfigurationReference = 933400EFC1FE44634F2F5CF1 /* Pods-Spaide.debug.xcconfig */;
			buildSettings = {
				ASSETCATALOG_COMPILER_APPICON_NAME = AppIcon;
				DEVELOPMENT_TEAM = 4J6N8TR2LN;
				FRAMEWORK_SEARCH_PATHS = (
					"$(inherited)",
					"\"$PODS_CONFIGURATION_BUILD_DIR/JSQMessagesViewController\"",
					"\"$PODS_CONFIGURATION_BUILD_DIR/JSQSystemSoundPlayer\"",
					"\"${PODS_ROOT}/FirebaseAnalytics/Frameworks/frameworks\"",
					"\"${PODS_ROOT}/FirebaseAppIndexing/Frameworks/frameworks\"",
					"\"${PODS_ROOT}/FirebaseAuth/Frameworks/frameworks\"",
					"\"${PODS_ROOT}/FirebaseCore/Frameworks/frameworks\"",
					"\"${PODS_ROOT}/FirebaseCrash/Frameworks/frameworks\"",
					"\"${PODS_ROOT}/FirebaseDatabase/Frameworks\"",
					"\"${PODS_ROOT}/FirebaseDynamicLinks/Frameworks/frameworks\"",
					"\"${PODS_ROOT}/FirebaseInstanceID/Frameworks/frameworks\"",
					"\"${PODS_ROOT}/FirebaseInvites/Frameworks/frameworks\"",
					"\"${PODS_ROOT}/FirebaseMessaging/Frameworks/frameworks\"",
					"\"${PODS_ROOT}/FirebaseRemoteConfig/Frameworks/frameworks\"",
					"\"${PODS_ROOT}/FirebaseStorage/Frameworks/frameworks\"",
					"\"${PODS_ROOT}/Google-Mobile-Ads-SDK/Frameworks\"",
					"\"${PODS_ROOT}/GoogleAppUtilities/Frameworks/frameworks\"",
					"\"${PODS_ROOT}/GoogleAuthUtilities/Frameworks/frameworks\"",
					"\"${PODS_ROOT}/GoogleIPhoneUtilities/Frameworks\"",
					"\"${PODS_ROOT}/GoogleInterchangeUtilities/Frameworks/frameworks\"",
					"\"${PODS_ROOT}/GoogleNetworkingUtilities/Frameworks/frameworks\"",
					"\"${PODS_ROOT}/GoogleParsingUtilities/Frameworks/frameworks\"",
					"\"${PODS_ROOT}/GooglePlusUtilities/Frameworks/frameworks\"",
					"\"${PODS_ROOT}/GoogleSignIn/Frameworks\"",
					"\"${PODS_ROOT}/GoogleSymbolUtilities/Frameworks/frameworks\"",
					"\"${PODS_ROOT}/GoogleUtilities/Frameworks/frameworks\"",
				);
				INFOPLIST_FILE = Spaide/Info.plist;
				IPHONEOS_DEPLOYMENT_TARGET = 10.2;
				LD_RUNPATH_SEARCH_PATHS = "$(inherited) @executable_path/Frameworks";
				PRODUCT_BUNDLE_IDENTIFIER = com.Deborah.Spaide;
				PRODUCT_NAME = "$(TARGET_NAME)";
				SWIFT_VERSION = 3.0;
			};
			name = Debug;
		};
		500C04CA1E71D0A30096B987 /* Release */ = {
			isa = XCBuildConfiguration;
			baseConfigurationReference = 748D1A18FEE6F73CFC196BC8 /* Pods-Spaide.release.xcconfig */;
			buildSettings = {
				ASSETCATALOG_COMPILER_APPICON_NAME = AppIcon;
				DEVELOPMENT_TEAM = 4J6N8TR2LN;
				FRAMEWORK_SEARCH_PATHS = (
					"$(inherited)",
					"\"$PODS_CONFIGURATION_BUILD_DIR/JSQMessagesViewController\"",
					"\"$PODS_CONFIGURATION_BUILD_DIR/JSQSystemSoundPlayer\"",
					"\"${PODS_ROOT}/FirebaseAnalytics/Frameworks/frameworks\"",
					"\"${PODS_ROOT}/FirebaseAppIndexing/Frameworks/frameworks\"",
					"\"${PODS_ROOT}/FirebaseAuth/Frameworks/frameworks\"",
					"\"${PODS_ROOT}/FirebaseCore/Frameworks/frameworks\"",
					"\"${PODS_ROOT}/FirebaseCrash/Frameworks/frameworks\"",
					"\"${PODS_ROOT}/FirebaseDatabase/Frameworks\"",
					"\"${PODS_ROOT}/FirebaseDynamicLinks/Frameworks/frameworks\"",
					"\"${PODS_ROOT}/FirebaseInstanceID/Frameworks/frameworks\"",
					"\"${PODS_ROOT}/FirebaseInvites/Frameworks/frameworks\"",
					"\"${PODS_ROOT}/FirebaseMessaging/Frameworks/frameworks\"",
					"\"${PODS_ROOT}/FirebaseRemoteConfig/Frameworks/frameworks\"",
					"\"${PODS_ROOT}/FirebaseStorage/Frameworks/frameworks\"",
					"\"${PODS_ROOT}/Google-Mobile-Ads-SDK/Frameworks\"",
					"\"${PODS_ROOT}/GoogleAppUtilities/Frameworks/frameworks\"",
					"\"${PODS_ROOT}/GoogleAuthUtilities/Frameworks/frameworks\"",
					"\"${PODS_ROOT}/GoogleIPhoneUtilities/Frameworks\"",
					"\"${PODS_ROOT}/GoogleInterchangeUtilities/Frameworks/frameworks\"",
					"\"${PODS_ROOT}/GoogleNetworkingUtilities/Frameworks/frameworks\"",
					"\"${PODS_ROOT}/GoogleParsingUtilities/Frameworks/frameworks\"",
					"\"${PODS_ROOT}/GooglePlusUtilities/Frameworks/frameworks\"",
					"\"${PODS_ROOT}/GoogleSignIn/Frameworks\"",
					"\"${PODS_ROOT}/GoogleSymbolUtilities/Frameworks/frameworks\"",
					"\"${PODS_ROOT}/GoogleUtilities/Frameworks/frameworks\"",
				);
				INFOPLIST_FILE = Spaide/Info.plist;
				IPHONEOS_DEPLOYMENT_TARGET = 10.2;
				LD_RUNPATH_SEARCH_PATHS = "$(inherited) @executable_path/Frameworks";
				PRODUCT_BUNDLE_IDENTIFIER = com.Deborah.Spaide;
				PRODUCT_NAME = "$(TARGET_NAME)";
				SWIFT_VERSION = 3.0;
			};
			name = Release;
		};
/* End XCBuildConfiguration section */

/* Begin XCConfigurationList section */
		500C04AF1E71D0A00096B987 /* Build configuration list for PBXProject "Spaide" */ = {
			isa = XCConfigurationList;
			buildConfigurations = (
				500C04C61E71D0A30096B987 /* Debug */,
				500C04C71E71D0A30096B987 /* Release */,
			);
			defaultConfigurationIsVisible = 0;
			defaultConfigurationName = Release;
		};
		500C04C81E71D0A30096B987 /* Build configuration list for PBXNativeTarget "Spaide" */ = {
			isa = XCConfigurationList;
			buildConfigurations = (
				500C04C91E71D0A30096B987 /* Debug */,
				500C04CA1E71D0A30096B987 /* Release */,
			);
			defaultConfigurationIsVisible = 0;
			defaultConfigurationName = Release;
		};
/* End XCConfigurationList section */
	};
	rootObject = 500C04AC1E71D0A00096B987 /* Project object */;
}
